// !$*UTF8*$!
{
	archiveVersion = 1;
	classes = {
	};
	objectVersion = 46;
	objects = {

/* Begin PBXBuildFile section */
		09E809E6193BEB0700D62ED1 /* Foundation.framework in Frameworks */ = {isa = PBXBuildFile; fileRef = 09E809E5193BEB0700D62ED1 /* Foundation.framework */; };
		09E809E8193BEB0700D62ED1 /* CoreGraphics.framework in Frameworks */ = {isa = PBXBuildFile; fileRef = 09E809E7193BEB0700D62ED1 /* CoreGraphics.framework */; };
		09E809EA193BEB0700D62ED1 /* UIKit.framework in Frameworks */ = {isa = PBXBuildFile; fileRef = 09E809E9193BEB0700D62ED1 /* UIKit.framework */; };
		09E809F0193BEB0700D62ED1 /* InfoPlist.strings in Resources */ = {isa = PBXBuildFile; fileRef = 09E809EE193BEB0700D62ED1 /* InfoPlist.strings */; };
		09E809F2193BEB0700D62ED1 /* main.m in Sources */ = {isa = PBXBuildFile; fileRef = 09E809F1193BEB0700D62ED1 /* main.m */; };
		09E809FE193BEB0800D62ED1 /* Images.xcassets in Resources */ = {isa = PBXBuildFile; fileRef = 09E809FD193BEB0800D62ED1 /* Images.xcassets */; };
		09E80A05193BEB0800D62ED1 /* XCTest.framework in Frameworks */ = {isa = PBXBuildFile; fileRef = 09E80A04193BEB0800D62ED1 /* XCTest.framework */; };
		09E80A06193BEB0800D62ED1 /* Foundation.framework in Frameworks */ = {isa = PBXBuildFile; fileRef = 09E809E5193BEB0700D62ED1 /* Foundation.framework */; };
		09E80A07193BEB0800D62ED1 /* UIKit.framework in Frameworks */ = {isa = PBXBuildFile; fileRef = 09E809E9193BEB0700D62ED1 /* UIKit.framework */; };
		09E80A0F193BEB0800D62ED1 /* InfoPlist.strings in Resources */ = {isa = PBXBuildFile; fileRef = 09E80A0D193BEB0800D62ED1 /* InfoPlist.strings */; };
		09E80A11193BEB0800D62ED1 /* rusmuz2Tests.m in Sources */ = {isa = PBXBuildFile; fileRef = 09E80A10193BEB0800D62ED1 /* rusmuz2Tests.m */; };
		09E80A29193BEC5400D62ED1 /* AppDelegate.m in Sources */ = {isa = PBXBuildFile; fileRef = 09E80A1B193BEC5400D62ED1 /* AppDelegate.m */; };
		09E80A2A193BEC5400D62ED1 /* Main.storyboard in Resources */ = {isa = PBXBuildFile; fileRef = 09E80A1C193BEC5400D62ED1 /* Main.storyboard */; };
		09E80A2B193BEC5400D62ED1 /* RoomViewController.m in Sources */ = {isa = PBXBuildFile; fileRef = 09E80A1E193BEC5400D62ED1 /* RoomViewController.m */; };
		09E80A2C193BEC5400D62ED1 /* InteractiveMapViewController.m in Sources */ = {isa = PBXBuildFile; fileRef = 09E80A20193BEC5400D62ED1 /* InteractiveMapViewController.m */; };
		09E80A2D193BEC5400D62ED1 /* QRViewController.m in Sources */ = {isa = PBXBuildFile; fileRef = 09E80A22193BEC5400D62ED1 /* QRViewController.m */; };
		09E80A2E193BEC5400D62ED1 /* ViewController.m in Sources */ = {isa = PBXBuildFile; fileRef = 09E80A24193BEC5400D62ED1 /* ViewController.m */; };
		09E80A2F193BEC5400D62ED1 /* DatabaseManager.m in Sources */ = {isa = PBXBuildFile; fileRef = 09E80A26193BEC5400D62ED1 /* DatabaseManager.m */; };
		09E80A30193BEC5400D62ED1 /* Exhibit.m in Sources */ = {isa = PBXBuildFile; fileRef = 09E80A28193BEC5400D62ED1 /* Exhibit.m */; };
		09E80A32193BECC900D62ED1 /* libiconv.dylib in Frameworks */ = {isa = PBXBuildFile; fileRef = 09E80A31193BECC900D62ED1 /* libiconv.dylib */; };
		09E80A34193BECCF00D62ED1 /* QuartzCore.framework in Frameworks */ = {isa = PBXBuildFile; fileRef = 09E80A33193BECCF00D62ED1 /* QuartzCore.framework */; };
		09E80A36193BECF000D62ED1 /* CoreVideo.framework in Frameworks */ = {isa = PBXBuildFile; fileRef = 09E80A35193BECF000D62ED1 /* CoreVideo.framework */; };
		09E80A38193BECF700D62ED1 /* CoreAudio.framework in Frameworks */ = {isa = PBXBuildFile; fileRef = 09E80A37193BECF700D62ED1 /* CoreAudio.framework */; };
		09E80A3A193BECFF00D62ED1 /* CoreMedia.framework in Frameworks */ = {isa = PBXBuildFile; fileRef = 09E80A39193BECFF00D62ED1 /* CoreMedia.framework */; };
		09E80A3C193BED1000D62ED1 /* AVFoundation.framework in Frameworks */ = {isa = PBXBuildFile; fileRef = 09E80A3B193BED1000D62ED1 /* AVFoundation.framework */; };
		09E80A5B193BEDE900D62ED1 /* libzbar.a in Frameworks */ = {isa = PBXBuildFile; fileRef = 09E80A55193BEDE900D62ED1 /* libzbar.a */; };
		09E80A5C193BEDE900D62ED1 /* zbar-back.png in Resources */ = {isa = PBXBuildFile; fileRef = 09E80A57193BEDE900D62ED1 /* zbar-back.png */; };
		09E80A5D193BEDE900D62ED1 /* zbar-help.html in Resources */ = {isa = PBXBuildFile; fileRef = 09E80A58193BEDE900D62ED1 /* zbar-help.html */; };
		09E80A5E193BEDE900D62ED1 /* zbar-helpicons.png in Resources */ = {isa = PBXBuildFile; fileRef = 09E80A59193BEDE900D62ED1 /* zbar-helpicons.png */; };
		09E80A5F193BEDE900D62ED1 /* zbar-samples.png in Resources */ = {isa = PBXBuildFile; fileRef = 09E80A5A193BEDE900D62ED1 /* zbar-samples.png */; };
		09E80A64193BEDF500D62ED1 /* states_coord.plist in Resources */ = {isa = PBXBuildFile; fileRef = 09E80A61193BEDF500D62ED1 /* states_coord.plist */; };
		09E80A65193BEDF500D62ED1 /* states_name.plist in Resources */ = {isa = PBXBuildFile; fileRef = 09E80A62193BEDF500D62ED1 /* states_name.plist */; };
		09E80A66193BEDF500D62ED1 /* US_States.gif in Resources */ = {isa = PBXBuildFile; fileRef = 09E80A63193BEDF500D62ED1 /* US_States.gif */; };
		09E80A6A193BEE0100D62ED1 /* MTImageMapView.m in Sources */ = {isa = PBXBuildFile; fileRef = 09E80A69193BEE0100D62ED1 /* MTImageMapView.m */; };
		09E80A6E193BF15500D62ED1 /* floor1.gif in Resources */ = {isa = PBXBuildFile; fileRef = 09E80A6C193BF15500D62ED1 /* floor1.gif */; };
		09E80A6F193BF15500D62ED1 /* floor2.gif in Resources */ = {isa = PBXBuildFile; fileRef = 09E80A6D193BF15500D62ED1 /* floor2.gif */; };
/* End PBXBuildFile section */

/* Begin PBXContainerItemProxy section */
		09E80A08193BEB0800D62ED1 /* PBXContainerItemProxy */ = {
			isa = PBXContainerItemProxy;
			containerPortal = 09E809DA193BEB0700D62ED1 /* Project object */;
			proxyType = 1;
			remoteGlobalIDString = 09E809E1193BEB0700D62ED1;
			remoteInfo = rusmuz2;
		};
/* End PBXContainerItemProxy section */

/* Begin PBXFileReference section */
		09E809E2193BEB0700D62ED1 /* rusmuz2.app */ = {isa = PBXFileReference; explicitFileType = wrapper.application; includeInIndex = 0; path = rusmuz2.app; sourceTree = BUILT_PRODUCTS_DIR; };
		09E809E5193BEB0700D62ED1 /* Foundation.framework */ = {isa = PBXFileReference; lastKnownFileType = wrapper.framework; name = Foundation.framework; path = System/Library/Frameworks/Foundation.framework; sourceTree = SDKROOT; };
		09E809E7193BEB0700D62ED1 /* CoreGraphics.framework */ = {isa = PBXFileReference; lastKnownFileType = wrapper.framework; name = CoreGraphics.framework; path = System/Library/Frameworks/CoreGraphics.framework; sourceTree = SDKROOT; };
		09E809E9193BEB0700D62ED1 /* UIKit.framework */ = {isa = PBXFileReference; lastKnownFileType = wrapper.framework; name = UIKit.framework; path = System/Library/Frameworks/UIKit.framework; sourceTree = SDKROOT; };
		09E809ED193BEB0700D62ED1 /* rusmuz2-Info.plist */ = {isa = PBXFileReference; lastKnownFileType = text.plist.xml; path = "rusmuz2-Info.plist"; sourceTree = "<group>"; };
		09E809EF193BEB0700D62ED1 /* en */ = {isa = PBXFileReference; lastKnownFileType = text.plist.strings; name = en; path = en.lproj/InfoPlist.strings; sourceTree = "<group>"; };
		09E809F1193BEB0700D62ED1 /* main.m */ = {isa = PBXFileReference; lastKnownFileType = sourcecode.c.objc; path = main.m; sourceTree = "<group>"; };
		09E809F3193BEB0800D62ED1 /* rusmuz2-Prefix.pch */ = {isa = PBXFileReference; lastKnownFileType = sourcecode.c.h; path = "rusmuz2-Prefix.pch"; sourceTree = "<group>"; };
		09E809FD193BEB0800D62ED1 /* Images.xcassets */ = {isa = PBXFileReference; lastKnownFileType = folder.assetcatalog; path = Images.xcassets; sourceTree = "<group>"; };
		09E80A03193BEB0800D62ED1 /* rusmuz2Tests.xctest */ = {isa = PBXFileReference; explicitFileType = wrapper.cfbundle; includeInIndex = 0; path = rusmuz2Tests.xctest; sourceTree = BUILT_PRODUCTS_DIR; };
		09E80A04193BEB0800D62ED1 /* XCTest.framework */ = {isa = PBXFileReference; lastKnownFileType = wrapper.framework; name = XCTest.framework; path = Library/Frameworks/XCTest.framework; sourceTree = DEVELOPER_DIR; };
		09E80A0C193BEB0800D62ED1 /* rusmuz2Tests-Info.plist */ = {isa = PBXFileReference; lastKnownFileType = text.plist.xml; path = "rusmuz2Tests-Info.plist"; sourceTree = "<group>"; };
		09E80A0E193BEB0800D62ED1 /* en */ = {isa = PBXFileReference; lastKnownFileType = text.plist.strings; name = en; path = en.lproj/InfoPlist.strings; sourceTree = "<group>"; };
		09E80A10193BEB0800D62ED1 /* rusmuz2Tests.m */ = {isa = PBXFileReference; lastKnownFileType = sourcecode.c.objc; path = rusmuz2Tests.m; sourceTree = "<group>"; };
		09E80A1A193BEC5400D62ED1 /* AppDelegate.h */ = {isa = PBXFileReference; fileEncoding = 4; lastKnownFileType = sourcecode.c.h; path = AppDelegate.h; sourceTree = "<group>"; };
		09E80A1B193BEC5400D62ED1 /* AppDelegate.m */ = {isa = PBXFileReference; fileEncoding = 4; lastKnownFileType = sourcecode.c.objc; path = AppDelegate.m; sourceTree = "<group>"; };
		09E80A1C193BEC5400D62ED1 /* Main.storyboard */ = {isa = PBXFileReference; fileEncoding = 4; lastKnownFileType = file.storyboard; path = Main.storyboard; sourceTree = "<group>"; };
		09E80A1D193BEC5400D62ED1 /* RoomViewController.h */ = {isa = PBXFileReference; fileEncoding = 4; lastKnownFileType = sourcecode.c.h; path = RoomViewController.h; sourceTree = "<group>"; };
		09E80A1E193BEC5400D62ED1 /* RoomViewController.m */ = {isa = PBXFileReference; fileEncoding = 4; lastKnownFileType = sourcecode.c.objc; path = RoomViewController.m; sourceTree = "<group>"; };
		09E80A1F193BEC5400D62ED1 /* InteractiveMapViewController.h */ = {isa = PBXFileReference; fileEncoding = 4; lastKnownFileType = sourcecode.c.h; path = InteractiveMapViewController.h; sourceTree = "<group>"; };
		09E80A20193BEC5400D62ED1 /* InteractiveMapViewController.m */ = {isa = PBXFileReference; fileEncoding = 4; lastKnownFileType = sourcecode.c.objc; path = InteractiveMapViewController.m; sourceTree = "<group>"; };
		09E80A21193BEC5400D62ED1 /* QRViewController.h */ = {isa = PBXFileReference; fileEncoding = 4; lastKnownFileType = sourcecode.c.h; path = QRViewController.h; sourceTree = "<group>"; };
		09E80A22193BEC5400D62ED1 /* QRViewController.m */ = {isa = PBXFileReference; fileEncoding = 4; lastKnownFileType = sourcecode.c.objc; path = QRViewController.m; sourceTree = "<group>"; };
		09E80A23193BEC5400D62ED1 /* ViewController.h */ = {isa = PBXFileReference; fileEncoding = 4; lastKnownFileType = sourcecode.c.h; path = ViewController.h; sourceTree = "<group>"; };
		09E80A24193BEC5400D62ED1 /* ViewController.m */ = {isa = PBXFileReference; fileEncoding = 4; lastKnownFileType = sourcecode.c.objc; path = ViewController.m; sourceTree = "<group>"; };
		09E80A25193BEC5400D62ED1 /* DatabaseManager.h */ = {isa = PBXFileReference; fileEncoding = 4; lastKnownFileType = sourcecode.c.h; path = DatabaseManager.h; sourceTree = "<group>"; };
		09E80A26193BEC5400D62ED1 /* DatabaseManager.m */ = {isa = PBXFileReference; fileEncoding = 4; lastKnownFileType = sourcecode.c.objc; path = DatabaseManager.m; sourceTree = "<group>"; };
		09E80A27193BEC5400D62ED1 /* Exhibit.h */ = {isa = PBXFileReference; fileEncoding = 4; lastKnownFileType = sourcecode.c.h; path = Exhibit.h; sourceTree = "<group>"; };
		09E80A28193BEC5400D62ED1 /* Exhibit.m */ = {isa = PBXFileReference; fileEncoding = 4; lastKnownFileType = sourcecode.c.objc; path = Exhibit.m; sourceTree = "<group>"; };
		09E80A31193BECC900D62ED1 /* libiconv.dylib */ = {isa = PBXFileReference; lastKnownFileType = "compiled.mach-o.dylib"; name = libiconv.dylib; path = usr/lib/libiconv.dylib; sourceTree = SDKROOT; };
		09E80A33193BECCF00D62ED1 /* QuartzCore.framework */ = {isa = PBXFileReference; lastKnownFileType = wrapper.framework; name = QuartzCore.framework; path = System/Library/Frameworks/QuartzCore.framework; sourceTree = SDKROOT; };
		09E80A35193BECF000D62ED1 /* CoreVideo.framework */ = {isa = PBXFileReference; lastKnownFileType = wrapper.framework; name = CoreVideo.framework; path = System/Library/Frameworks/CoreVideo.framework; sourceTree = SDKROOT; };
		09E80A37193BECF700D62ED1 /* CoreAudio.framework */ = {isa = PBXFileReference; lastKnownFileType = wrapper.framework; name = CoreAudio.framework; path = System/Library/Frameworks/CoreAudio.framework; sourceTree = SDKROOT; };
		09E80A39193BECFF00D62ED1 /* CoreMedia.framework */ = {isa = PBXFileReference; lastKnownFileType = wrapper.framework; name = CoreMedia.framework; path = System/Library/Frameworks/CoreMedia.framework; sourceTree = SDKROOT; };
		09E80A3B193BED1000D62ED1 /* AVFoundation.framework */ = {isa = PBXFileReference; lastKnownFileType = wrapper.framework; name = AVFoundation.framework; path = System/Library/Frameworks/AVFoundation.framework; sourceTree = SDKROOT; };
		09E80A41193BEDE900D62ED1 /* Decoder.h */ = {isa = PBXFileReference; fileEncoding = 4; lastKnownFileType = sourcecode.c.h; path = Decoder.h; sourceTree = "<group>"; };
		09E80A42193BEDE900D62ED1 /* Exception.h */ = {isa = PBXFileReference; fileEncoding = 4; lastKnownFileType = sourcecode.c.h; path = Exception.h; sourceTree = "<group>"; };
		09E80A43193BEDE900D62ED1 /* Image.h */ = {isa = PBXFileReference; fileEncoding = 4; lastKnownFileType = sourcecode.c.h; path = Image.h; sourceTree = "<group>"; };
		09E80A44193BEDE900D62ED1 /* ImageScanner.h */ = {isa = PBXFileReference; fileEncoding = 4; lastKnownFileType = sourcecode.c.h; path = ImageScanner.h; sourceTree = "<group>"; };
		09E80A45193BEDE900D62ED1 /* Processor.h */ = {isa = PBXFileReference; fileEncoding = 4; lastKnownFileType = sourcecode.c.h; path = Processor.h; sourceTree = "<group>"; };
		09E80A46193BEDE900D62ED1 /* Scanner.h */ = {isa = PBXFileReference; fileEncoding = 4; lastKnownFileType = sourcecode.c.h; path = Scanner.h; sourceTree = "<group>"; };
		09E80A47193BEDE900D62ED1 /* Symbol.h */ = {isa = PBXFileReference; fileEncoding = 4; lastKnownFileType = sourcecode.c.h; path = Symbol.h; sourceTree = "<group>"; };
		09E80A48193BEDE900D62ED1 /* Video.h */ = {isa = PBXFileReference; fileEncoding = 4; lastKnownFileType = sourcecode.c.h; path = Video.h; sourceTree = "<group>"; };
		09E80A49193BEDE900D62ED1 /* Window.h */ = {isa = PBXFileReference; fileEncoding = 4; lastKnownFileType = sourcecode.c.h; path = Window.h; sourceTree = "<group>"; };
		09E80A4A193BEDE900D62ED1 /* zbar.h */ = {isa = PBXFileReference; fileEncoding = 4; lastKnownFileType = sourcecode.c.h; path = zbar.h; sourceTree = "<group>"; };
		09E80A4B193BEDE900D62ED1 /* ZBarCameraSimulator.h */ = {isa = PBXFileReference; fileEncoding = 4; lastKnownFileType = sourcecode.c.h; path = ZBarCameraSimulator.h; sourceTree = "<group>"; };
		09E80A4C193BEDE900D62ED1 /* ZBarCaptureReader.h */ = {isa = PBXFileReference; fileEncoding = 4; lastKnownFileType = sourcecode.c.h; path = ZBarCaptureReader.h; sourceTree = "<group>"; };
		09E80A4D193BEDE900D62ED1 /* ZBarHelpController.h */ = {isa = PBXFileReference; fileEncoding = 4; lastKnownFileType = sourcecode.c.h; path = ZBarHelpController.h; sourceTree = "<group>"; };
		09E80A4E193BEDE900D62ED1 /* ZBarImage.h */ = {isa = PBXFileReference; fileEncoding = 4; lastKnownFileType = sourcecode.c.h; path = ZBarImage.h; sourceTree = "<group>"; };
		09E80A4F193BEDE900D62ED1 /* ZBarImageScanner.h */ = {isa = PBXFileReference; fileEncoding = 4; lastKnownFileType = sourcecode.c.h; path = ZBarImageScanner.h; sourceTree = "<group>"; };
		09E80A50193BEDE900D62ED1 /* ZBarReaderController.h */ = {isa = PBXFileReference; fileEncoding = 4; lastKnownFileType = sourcecode.c.h; path = ZBarReaderController.h; sourceTree = "<group>"; };
		09E80A51193BEDE900D62ED1 /* ZBarReaderView.h */ = {isa = PBXFileReference; fileEncoding = 4; lastKnownFileType = sourcecode.c.h; path = ZBarReaderView.h; sourceTree = "<group>"; };
		09E80A52193BEDE900D62ED1 /* ZBarReaderViewController.h */ = {isa = PBXFileReference; fileEncoding = 4; lastKnownFileType = sourcecode.c.h; path = ZBarReaderViewController.h; sourceTree = "<group>"; };
		09E80A53193BEDE900D62ED1 /* ZBarSDK.h */ = {isa = PBXFileReference; fileEncoding = 4; lastKnownFileType = sourcecode.c.h; path = ZBarSDK.h; sourceTree = "<group>"; };
		09E80A54193BEDE900D62ED1 /* ZBarSymbol.h */ = {isa = PBXFileReference; fileEncoding = 4; lastKnownFileType = sourcecode.c.h; path = ZBarSymbol.h; sourceTree = "<group>"; };
		09E80A55193BEDE900D62ED1 /* libzbar.a */ = {isa = PBXFileReference; lastKnownFileType = archive.ar; path = libzbar.a; sourceTree = "<group>"; };
		09E80A57193BEDE900D62ED1 /* zbar-back.png */ = {isa = PBXFileReference; lastKnownFileType = image.png; path = "zbar-back.png"; sourceTree = "<group>"; };
		09E80A58193BEDE900D62ED1 /* zbar-help.html */ = {isa = PBXFileReference; fileEncoding = 4; lastKnownFileType = text.html; path = "zbar-help.html"; sourceTree = "<group>"; };
		09E80A59193BEDE900D62ED1 /* zbar-helpicons.png */ = {isa = PBXFileReference; lastKnownFileType = image.png; path = "zbar-helpicons.png"; sourceTree = "<group>"; };
		09E80A5A193BEDE900D62ED1 /* zbar-samples.png */ = {isa = PBXFileReference; lastKnownFileType = image.png; path = "zbar-samples.png"; sourceTree = "<group>"; };
		09E80A61193BEDF500D62ED1 /* states_coord.plist */ = {isa = PBXFileReference; fileEncoding = 4; lastKnownFileType = text.plist.xml; path = states_coord.plist; sourceTree = "<group>"; };
		09E80A62193BEDF500D62ED1 /* states_name.plist */ = {isa = PBXFileReference; fileEncoding = 4; lastKnownFileType = text.plist.xml; path = states_name.plist; sourceTree = "<group>"; };
		09E80A63193BEDF500D62ED1 /* US_States.gif */ = {isa = PBXFileReference; lastKnownFileType = image.gif; path = US_States.gif; sourceTree = "<group>"; };
		09E80A68193BEE0100D62ED1 /* MTImageMapView.h */ = {isa = PBXFileReference; fileEncoding = 4; lastKnownFileType = sourcecode.c.h; path = MTImageMapView.h; sourceTree = "<group>"; };
		09E80A69193BEE0100D62ED1 /* MTImageMapView.m */ = {isa = PBXFileReference; fileEncoding = 4; lastKnownFileType = sourcecode.c.objc; path = MTImageMapView.m; sourceTree = "<group>"; };
		09E80A6C193BF15500D62ED1 /* floor1.gif */ = {isa = PBXFileReference; lastKnownFileType = image.gif; path = floor1.gif; sourceTree = "<group>"; };
		09E80A6D193BF15500D62ED1 /* floor2.gif */ = {isa = PBXFileReference; lastKnownFileType = image.gif; path = floor2.gif; sourceTree = "<group>"; };
/* End PBXFileReference section */

/* Begin PBXFrameworksBuildPhase section */
		09E809DF193BEB0700D62ED1 /* Frameworks */ = {
			isa = PBXFrameworksBuildPhase;
			buildActionMask = 2147483647;
			files = (
				09E809EA193BEB0700D62ED1 /* UIKit.framework in Frameworks */,
				09E80A3C193BED1000D62ED1 /* AVFoundation.framework in Frameworks */,
				09E80A5B193BEDE900D62ED1 /* libzbar.a in Frameworks */,
				09E809E8193BEB0700D62ED1 /* CoreGraphics.framework in Frameworks */,
				09E80A3A193BECFF00D62ED1 /* CoreMedia.framework in Frameworks */,
				09E80A38193BECF700D62ED1 /* CoreAudio.framework in Frameworks */,
				09E80A36193BECF000D62ED1 /* CoreVideo.framework in Frameworks */,
				09E80A34193BECCF00D62ED1 /* QuartzCore.framework in Frameworks */,
				09E80A32193BECC900D62ED1 /* libiconv.dylib in Frameworks */,
				09E809E6193BEB0700D62ED1 /* Foundation.framework in Frameworks */,
			);
			runOnlyForDeploymentPostprocessing = 0;
		};
		09E80A00193BEB0800D62ED1 /* Frameworks */ = {
			isa = PBXFrameworksBuildPhase;
			buildActionMask = 2147483647;
			files = (
				09E80A05193BEB0800D62ED1 /* XCTest.framework in Frameworks */,
				09E80A07193BEB0800D62ED1 /* UIKit.framework in Frameworks */,
				09E80A06193BEB0800D62ED1 /* Foundation.framework in Frameworks */,
			);
			runOnlyForDeploymentPostprocessing = 0;
		};
/* End PBXFrameworksBuildPhase section */

/* Begin PBXGroup section */
		09E809D9193BEB0700D62ED1 = {
			isa = PBXGroup;
			children = (
				09E809EB193BEB0700D62ED1 /* rusmuz2 */,
				09E80A0A193BEB0800D62ED1 /* rusmuz2Tests */,
				09E809E4193BEB0700D62ED1 /* Frameworks */,
				09E809E3193BEB0700D62ED1 /* Products */,
			);
			sourceTree = "<group>";
		};
		09E809E3193BEB0700D62ED1 /* Products */ = {
			isa = PBXGroup;
			children = (
				09E809E2193BEB0700D62ED1 /* rusmuz2.app */,
				09E80A03193BEB0800D62ED1 /* rusmuz2Tests.xctest */,
			);
			name = Products;
			sourceTree = "<group>";
		};
		09E809E4193BEB0700D62ED1 /* Frameworks */ = {
			isa = PBXGroup;
			children = (
				09E80A3B193BED1000D62ED1 /* AVFoundation.framework */,
				09E80A39193BECFF00D62ED1 /* CoreMedia.framework */,
				09E80A37193BECF700D62ED1 /* CoreAudio.framework */,
				09E80A35193BECF000D62ED1 /* CoreVideo.framework */,
				09E80A33193BECCF00D62ED1 /* QuartzCore.framework */,
				09E80A31193BECC900D62ED1 /* libiconv.dylib */,
				09E809E5193BEB0700D62ED1 /* Foundation.framework */,
				09E809E7193BEB0700D62ED1 /* CoreGraphics.framework */,
				09E809E9193BEB0700D62ED1 /* UIKit.framework */,
				09E80A04193BEB0800D62ED1 /* XCTest.framework */,
			);
			name = Frameworks;
			sourceTree = "<group>";
		};
		09E809EB193BEB0700D62ED1 /* rusmuz2 */ = {
			isa = PBXGroup;
			children = (
				09E80A1A193BEC5400D62ED1 /* AppDelegate.h */,
				09E80A1B193BEC5400D62ED1 /* AppDelegate.m */,
				09E80A1C193BEC5400D62ED1 /* Main.storyboard */,
				09E80A1D193BEC5400D62ED1 /* RoomViewController.h */,
				09E80A1E193BEC5400D62ED1 /* RoomViewController.m */,
				09E80A1F193BEC5400D62ED1 /* InteractiveMapViewController.h */,
				09E80A20193BEC5400D62ED1 /* InteractiveMapViewController.m */,
				09E80A21193BEC5400D62ED1 /* QRViewController.h */,
				09E80A22193BEC5400D62ED1 /* QRViewController.m */,
				09E80A23193BEC5400D62ED1 /* ViewController.h */,
				09E80A24193BEC5400D62ED1 /* ViewController.m */,
				09E80A25193BEC5400D62ED1 /* DatabaseManager.h */,
				09E80A26193BEC5400D62ED1 /* DatabaseManager.m */,
				09E80A27193BEC5400D62ED1 /* Exhibit.h */,
				09E80A28193BEC5400D62ED1 /* Exhibit.m */,
				09E80A6B193BF15500D62ED1 /* FloorMaps */,
				09E80A67193BEE0100D62ED1 /* MTImageMapView */,
				09E80A60193BEDF500D62ED1 /* Resource */,
				09E80A3D193BEDE900D62ED1 /* ZBarSDK */,
				09E809FD193BEB0800D62ED1 /* Images.xcassets */,
				09E809EC193BEB0700D62ED1 /* Supporting Files */,
			);
			path = rusmuz2;
			sourceTree = "<group>";
		};
		09E809EC193BEB0700D62ED1 /* Supporting Files */ = {
			isa = PBXGroup;
			children = (
				09E809ED193BEB0700D62ED1 /* rusmuz2-Info.plist */,
				09E809EE193BEB0700D62ED1 /* InfoPlist.strings */,
				09E809F1193BEB0700D62ED1 /* main.m */,
				09E809F3193BEB0800D62ED1 /* rusmuz2-Prefix.pch */,
			);
			name = "Supporting Files";
			sourceTree = "<group>";
		};
		09E80A0A193BEB0800D62ED1 /* rusmuz2Tests */ = {
			isa = PBXGroup;
			children = (
				09E80A10193BEB0800D62ED1 /* rusmuz2Tests.m */,
				09E80A0B193BEB0800D62ED1 /* Supporting Files */,
			);
			path = rusmuz2Tests;
			sourceTree = "<group>";
		};
		09E80A0B193BEB0800D62ED1 /* Supporting Files */ = {
			isa = PBXGroup;
			children = (
				09E80A0C193BEB0800D62ED1 /* rusmuz2Tests-Info.plist */,
				09E80A0D193BEB0800D62ED1 /* InfoPlist.strings */,
			);
			name = "Supporting Files";
			sourceTree = "<group>";
		};
		09E80A3D193BEDE900D62ED1 /* ZBarSDK */ = {
			isa = PBXGroup;
			children = (
				09E80A3E193BEDE900D62ED1 /* Headers */,
				09E80A55193BEDE900D62ED1 /* libzbar.a */,
				09E80A56193BEDE900D62ED1 /* Resources */,
			);
			path = ZBarSDK;
			sourceTree = "<group>";
		};
		09E80A3E193BEDE900D62ED1 /* Headers */ = {
			isa = PBXGroup;
			children = (
				09E80A3F193BEDE900D62ED1 /* ZBarSDK */,
			);
			path = Headers;
			sourceTree = "<group>";
		};
		09E80A3F193BEDE900D62ED1 /* ZBarSDK */ = {
			isa = PBXGroup;
			children = (
				09E80A40193BEDE900D62ED1 /* zbar */,
				09E80A4A193BEDE900D62ED1 /* zbar.h */,
				09E80A4B193BEDE900D62ED1 /* ZBarCameraSimulator.h */,
				09E80A4C193BEDE900D62ED1 /* ZBarCaptureReader.h */,
				09E80A4D193BEDE900D62ED1 /* ZBarHelpController.h */,
				09E80A4E193BEDE900D62ED1 /* ZBarImage.h */,
				09E80A4F193BEDE900D62ED1 /* ZBarImageScanner.h */,
				09E80A50193BEDE900D62ED1 /* ZBarReaderController.h */,
				09E80A51193BEDE900D62ED1 /* ZBarReaderView.h */,
				09E80A52193BEDE900D62ED1 /* ZBarReaderViewController.h */,
				09E80A53193BEDE900D62ED1 /* ZBarSDK.h */,
				09E80A54193BEDE900D62ED1 /* ZBarSymbol.h */,
			);
			path = ZBarSDK;
			sourceTree = "<group>";
		};
		09E80A40193BEDE900D62ED1 /* zbar */ = {
			isa = PBXGroup;
			children = (
				09E80A41193BEDE900D62ED1 /* Decoder.h */,
				09E80A42193BEDE900D62ED1 /* Exception.h */,
				09E80A43193BEDE900D62ED1 /* Image.h */,
				09E80A44193BEDE900D62ED1 /* ImageScanner.h */,
				09E80A45193BEDE900D62ED1 /* Processor.h */,
				09E80A46193BEDE900D62ED1 /* Scanner.h */,
				09E80A47193BEDE900D62ED1 /* Symbol.h */,
				09E80A48193BEDE900D62ED1 /* Video.h */,
				09E80A49193BEDE900D62ED1 /* Window.h */,
			);
			path = zbar;
			sourceTree = "<group>";
		};
		09E80A56193BEDE900D62ED1 /* Resources */ = {
			isa = PBXGroup;
			children = (
				09E80A57193BEDE900D62ED1 /* zbar-back.png */,
				09E80A58193BEDE900D62ED1 /* zbar-help.html */,
				09E80A59193BEDE900D62ED1 /* zbar-helpicons.png */,
				09E80A5A193BEDE900D62ED1 /* zbar-samples.png */,
			);
			path = Resources;
			sourceTree = "<group>";
		};
		09E80A60193BEDF500D62ED1 /* Resource */ = {
			isa = PBXGroup;
			children = (
				09E80A61193BEDF500D62ED1 /* states_coord.plist */,
				09E80A62193BEDF500D62ED1 /* states_name.plist */,
				09E80A63193BEDF500D62ED1 /* US_States.gif */,
			);
			path = Resource;
			sourceTree = "<group>";
		};
		09E80A67193BEE0100D62ED1 /* MTImageMapView */ = {
			isa = PBXGroup;
			children = (
				09E80A68193BEE0100D62ED1 /* MTImageMapView.h */,
				09E80A69193BEE0100D62ED1 /* MTImageMapView.m */,
			);
			path = MTImageMapView;
			sourceTree = "<group>";
		};
		09E80A6B193BF15500D62ED1 /* FloorMaps */ = {
			isa = PBXGroup;
			children = (
				09E80A6C193BF15500D62ED1 /* floor1.gif */,
				09E80A6D193BF15500D62ED1 /* floor2.gif */,
			);
			path = FloorMaps;
			sourceTree = "<group>";
		};
/* End PBXGroup section */

/* Begin PBXNativeTarget section */
		09E809E1193BEB0700D62ED1 /* rusmuz2 */ = {
			isa = PBXNativeTarget;
			buildConfigurationList = 09E80A14193BEB0800D62ED1 /* Build configuration list for PBXNativeTarget "rusmuz2" */;
			buildPhases = (
				09E809DE193BEB0700D62ED1 /* Sources */,
				09E809DF193BEB0700D62ED1 /* Frameworks */,
				09E809E0193BEB0700D62ED1 /* Resources */,
			);
			buildRules = (
			);
			dependencies = (
			);
			name = rusmuz2;
			productName = rusmuz2;
			productReference = 09E809E2193BEB0700D62ED1 /* rusmuz2.app */;
			productType = "com.apple.product-type.application";
		};
		09E80A02193BEB0800D62ED1 /* rusmuz2Tests */ = {
			isa = PBXNativeTarget;
			buildConfigurationList = 09E80A17193BEB0800D62ED1 /* Build configuration list for PBXNativeTarget "rusmuz2Tests" */;
			buildPhases = (
				09E809FF193BEB0800D62ED1 /* Sources */,
				09E80A00193BEB0800D62ED1 /* Frameworks */,
				09E80A01193BEB0800D62ED1 /* Resources */,
			);
			buildRules = (
			);
			dependencies = (
				09E80A09193BEB0800D62ED1 /* PBXTargetDependency */,
			);
			name = rusmuz2Tests;
			productName = rusmuz2Tests;
			productReference = 09E80A03193BEB0800D62ED1 /* rusmuz2Tests.xctest */;
			productType = "com.apple.product-type.bundle.unit-test";
		};
/* End PBXNativeTarget section */

/* Begin PBXProject section */
		09E809DA193BEB0700D62ED1 /* Project object */ = {
			isa = PBXProject;
			attributes = {
				LastUpgradeCheck = 0510;
				ORGANIZATIONNAME = "Richard Topchiy";
				TargetAttributes = {
					09E80A02193BEB0800D62ED1 = {
						TestTargetID = 09E809E1193BEB0700D62ED1;
					};
				};
			};
			buildConfigurationList = 09E809DD193BEB0700D62ED1 /* Build configuration list for PBXProject "rusmuz2" */;
			compatibilityVersion = "Xcode 3.2";
			developmentRegion = English;
			hasScannedForEncodings = 0;
			knownRegions = (
				en,
				Base,
			);
			mainGroup = 09E809D9193BEB0700D62ED1;
			productRefGroup = 09E809E3193BEB0700D62ED1 /* Products */;
			projectDirPath = "";
			projectRoot = "";
			targets = (
				09E809E1193BEB0700D62ED1 /* rusmuz2 */,
				09E80A02193BEB0800D62ED1 /* rusmuz2Tests */,
			);
		};
/* End PBXProject section */

/* Begin PBXResourcesBuildPhase section */
		09E809E0193BEB0700D62ED1 /* Resources */ = {
			isa = PBXResourcesBuildPhase;
			buildActionMask = 2147483647;
			files = (
				09E80A66193BEDF500D62ED1 /* US_States.gif in Resources */,
				09E80A2A193BEC5400D62ED1 /* Main.storyboard in Resources */,
				09E80A65193BEDF500D62ED1 /* states_name.plist in Resources */,
				09E80A5D193BEDE900D62ED1 /* zbar-help.html in Resources */,
				09E80A5F193BEDE900D62ED1 /* zbar-samples.png in Resources */,
				09E80A5E193BEDE900D62ED1 /* zbar-helpicons.png in Resources */,
				09E80A6E193BF15500D62ED1 /* floor1.gif in Resources */,
				09E80A5C193BEDE900D62ED1 /* zbar-back.png in Resources */,
				09E809FE193BEB0800D62ED1 /* Images.xcassets in Resources */,
				09E80A64193BEDF500D62ED1 /* states_coord.plist in Resources */,
				09E80A6F193BF15500D62ED1 /* floor2.gif in Resources */,
				09E809F0193BEB0700D62ED1 /* InfoPlist.strings in Resources */,
			);
			runOnlyForDeploymentPostprocessing = 0;
		};
		09E80A01193BEB0800D62ED1 /* Resources */ = {
			isa = PBXResourcesBuildPhase;
			buildActionMask = 2147483647;
			files = (
				09E80A0F193BEB0800D62ED1 /* InfoPlist.strings in Resources */,
			);
			runOnlyForDeploymentPostprocessing = 0;
		};
/* End PBXResourcesBuildPhase section */

/* Begin PBXSourcesBuildPhase section */
		09E809DE193BEB0700D62ED1 /* Sources */ = {
			isa = PBXSourcesBuildPhase;
			buildActionMask = 2147483647;
			files = (
				09E80A2E193BEC5400D62ED1 /* ViewController.m in Sources */,
				09E80A6A193BEE0100D62ED1 /* MTImageMapView.m in Sources */,
				09E80A30193BEC5400D62ED1 /* Exhibit.m in Sources */,
				09E80A2F193BEC5400D62ED1 /* DatabaseManager.m in Sources */,
				09E80A2C193BEC5400D62ED1 /* InteractiveMapViewController.m in Sources */,
				09E80A29193BEC5400D62ED1 /* AppDelegate.m in Sources */,
				09E80A2D193BEC5400D62ED1 /* QRViewController.m in Sources */,
				09E80A2B193BEC5400D62ED1 /* RoomViewController.m in Sources */,
				09E809F2193BEB0700D62ED1 /* main.m in Sources */,
			);
			runOnlyForDeploymentPostprocessing = 0;
		};
		09E809FF193BEB0800D62ED1 /* Sources */ = {
			isa = PBXSourcesBuildPhase;
			buildActionMask = 2147483647;
			files = (
				09E80A11193BEB0800D62ED1 /* rusmuz2Tests.m in Sources */,
			);
			runOnlyForDeploymentPostprocessing = 0;
		};
/* End PBXSourcesBuildPhase section */

/* Begin PBXTargetDependency section */
		09E80A09193BEB0800D62ED1 /* PBXTargetDependency */ = {
			isa = PBXTargetDependency;
			target = 09E809E1193BEB0700D62ED1 /* rusmuz2 */;
			targetProxy = 09E80A08193BEB0800D62ED1 /* PBXContainerItemProxy */;
		};
/* End PBXTargetDependency section */

/* Begin PBXVariantGroup section */
		09E809EE193BEB0700D62ED1 /* InfoPlist.strings */ = {
			isa = PBXVariantGroup;
			children = (
				09E809EF193BEB0700D62ED1 /* en */,
			);
			name = InfoPlist.strings;
			sourceTree = "<group>";
		};
		09E80A0D193BEB0800D62ED1 /* InfoPlist.strings */ = {
			isa = PBXVariantGroup;
			children = (
				09E80A0E193BEB0800D62ED1 /* en */,
			);
			name = InfoPlist.strings;
			sourceTree = "<group>";
		};
/* End PBXVariantGroup section */

/* Begin XCBuildConfiguration section */
		09E80A12193BEB0800D62ED1 /* Debug */ = {
			isa = XCBuildConfiguration;
			buildSettings = {
				ALWAYS_SEARCH_USER_PATHS = NO;
				CLANG_CXX_LANGUAGE_STANDARD = "gnu++0x";
				CLANG_CXX_LIBRARY = "libc++";
				CLANG_ENABLE_MODULES = YES;
				CLANG_ENABLE_OBJC_ARC = YES;
				CLANG_WARN_BOOL_CONVERSION = YES;
				CLANG_WARN_CONSTANT_CONVERSION = YES;
				CLANG_WARN_DIRECT_OBJC_ISA_USAGE = YES_ERROR;
				CLANG_WARN_EMPTY_BODY = YES;
				CLANG_WARN_ENUM_CONVERSION = YES;
				CLANG_WARN_INT_CONVERSION = YES;
				CLANG_WARN_OBJC_ROOT_CLASS = YES_ERROR;
				CLANG_WARN__DUPLICATE_METHOD_MATCH = YES;
				"CODE_SIGN_IDENTITY[sdk=iphoneos*]" = "iPhone Developer";
				COPY_PHASE_STRIP = NO;
				GCC_C_LANGUAGE_STANDARD = gnu99;
				GCC_DYNAMIC_NO_PIC = NO;
				GCC_OPTIMIZATION_LEVEL = 0;
				GCC_PREPROCESSOR_DEFINITIONS = (
					"DEBUG=1",
					"$(inherited)",
				);
				GCC_SYMBOLS_PRIVATE_EXTERN = NO;
				GCC_WARN_64_TO_32_BIT_CONVERSION = YES;
				GCC_WARN_ABOUT_RETURN_TYPE = YES_ERROR;
				GCC_WARN_UNDECLARED_SELECTOR = YES;
				GCC_WARN_UNINITIALIZED_AUTOS = YES_AGGRESSIVE;
				GCC_WARN_UNUSED_FUNCTION = YES;
				GCC_WARN_UNUSED_VARIABLE = YES;
				IPHONEOS_DEPLOYMENT_TARGET = 7.1;
				ONLY_ACTIVE_ARCH = YES;
				SDKROOT = iphoneos;
			};
			name = Debug;
		};
		09E80A13193BEB0800D62ED1 /* Release */ = {
			isa = XCBuildConfiguration;
			buildSettings = {
				ALWAYS_SEARCH_USER_PATHS = NO;
				CLANG_CXX_LANGUAGE_STANDARD = "gnu++0x";
				CLANG_CXX_LIBRARY = "libc++";
				CLANG_ENABLE_MODULES = YES;
				CLANG_ENABLE_OBJC_ARC = YES;
				CLANG_WARN_BOOL_CONVERSION = YES;
				CLANG_WARN_CONSTANT_CONVERSION = YES;
				CLANG_WARN_DIRECT_OBJC_ISA_USAGE = YES_ERROR;
				CLANG_WARN_EMPTY_BODY = YES;
				CLANG_WARN_ENUM_CONVERSION = YES;
				CLANG_WARN_INT_CONVERSION = YES;
				CLANG_WARN_OBJC_ROOT_CLASS = YES_ERROR;
				CLANG_WARN__DUPLICATE_METHOD_MATCH = YES;
				"CODE_SIGN_IDENTITY[sdk=iphoneos*]" = "iPhone Developer";
				COPY_PHASE_STRIP = YES;
				ENABLE_NS_ASSERTIONS = NO;
				GCC_C_LANGUAGE_STANDARD = gnu99;
				GCC_WARN_64_TO_32_BIT_CONVERSION = YES;
				GCC_WARN_ABOUT_RETURN_TYPE = YES_ERROR;
				GCC_WARN_UNDECLARED_SELECTOR = YES;
				GCC_WARN_UNINITIALIZED_AUTOS = YES_AGGRESSIVE;
				GCC_WARN_UNUSED_FUNCTION = YES;
				GCC_WARN_UNUSED_VARIABLE = YES;
				IPHONEOS_DEPLOYMENT_TARGET = 7.1;
				SDKROOT = iphoneos;
				VALIDATE_PRODUCT = YES;
			};
			name = Release;
		};
		09E80A15193BEB0800D62ED1 /* Debug */ = {
			isa = XCBuildConfiguration;
			buildSettings = {
				ASSETCATALOG_COMPILER_APPICON_NAME = AppIcon;
				ASSETCATALOG_COMPILER_LAUNCHIMAGE_NAME = LaunchImage;
				CODE_SIGN_IDENTITY = RichTi_code;
				GCC_PRECOMPILE_PREFIX_HEADER = YES;
				GCC_PREFIX_HEADER = "rusmuz2/rusmuz2-Prefix.pch";
				INFOPLIST_FILE = "rusmuz2/rusmuz2-Info.plist";
				IPHONEOS_DEPLOYMENT_TARGET = 6.0;
				LIBRARY_SEARCH_PATHS = (
					"$(inherited)",
					"$(PROJECT_DIR)/rusmuz2/ZBarSDK",
				);
				PRODUCT_NAME = "$(TARGET_NAME)";
				WRAPPER_EXTENSION = app;
			};
			name = Debug;
		};
		09E80A16193BEB0800D62ED1 /* Release */ = {
			isa = XCBuildConfiguration;
			buildSettings = {
				ASSETCATALOG_COMPILER_APPICON_NAME = AppIcon;
				ASSETCATALOG_COMPILER_LAUNCHIMAGE_NAME = LaunchImage;
				CODE_SIGN_IDENTITY = RichTi_code;
				GCC_PRECOMPILE_PREFIX_HEADER = YES;
				GCC_PREFIX_HEADER = "rusmuz2/rusmuz2-Prefix.pch";
				INFOPLIST_FILE = "rusmuz2/rusmuz2-Info.plist";
				IPHONEOS_DEPLOYMENT_TARGET = 6.0;
				LIBRARY_SEARCH_PATHS = (
					"$(inherited)",
					"$(PROJECT_DIR)/rusmuz2/ZBarSDK",
				);
				PRODUCT_NAME = "$(TARGET_NAME)";
				WRAPPER_EXTENSION = app;
			};
			name = Release;
		};
		09E80A18193BEB0800D62ED1 /* Debug */ = {
			isa = XCBuildConfiguration;
			buildSettings = {
				BUNDLE_LOADER = "$(BUILT_PRODUCTS_DIR)/rusmuz2.app/rusmuz2";
				FRAMEWORK_SEARCH_PATHS = (
					"$(SDKROOT)/Developer/Library/Frameworks",
					"$(inherited)",
					"$(DEVELOPER_FRAMEWORKS_DIR)",
				);
				GCC_PRECOMPILE_PREFIX_HEADER = YES;
				GCC_PREFIX_HEADER = "rusmuz2/rusmuz2-Prefix.pch";
				GCC_PREPROCESSOR_DEFINITIONS = (
					"DEBUG=1",
					"$(inherited)",
				);
				INFOPLIST_FILE = "rusmuz2Tests/rusmuz2Tests-Info.plist";
				PRODUCT_NAME = "$(TARGET_NAME)";
				TEST_HOST = "$(BUNDLE_LOADER)";
				WRAPPER_EXTENSION = xctest;
			};
			name = Debug;
		};
		09E80A19193BEB0800D62ED1 /* Release */ = {
			isa = XCBuildConfiguration;
			buildSettings = {
				BUNDLE_LOADER = "$(BUILT_PRODUCTS_DIR)/rusmuz2.app/rusmuz2";
				FRAMEWORK_SEARCH_PATHS = (
					"$(SDKROOT)/Developer/Library/Frameworks",
					"$(inherited)",
					"$(DEVELOPER_FRAMEWORKS_DIR)",
				);
				GCC_PRECOMPILE_PREFIX_HEADER = YES;
				GCC_PREFIX_HEADER = "rusmuz2/rusmuz2-Prefix.pch";
				INFOPLIST_FILE = "rusmuz2Tests/rusmuz2Tests-Info.plist";
				PRODUCT_NAME = "$(TARGET_NAME)";
				TEST_HOST = "$(BUNDLE_LOADER)";
				WRAPPER_EXTENSION = xctest;
			};
			name = Release;
		};
/* End XCBuildConfiguration section */

/* Begin XCConfigurationList section */
		09E809DD193BEB0700D62ED1 /* Build configuration list for PBXProject "rusmuz2" */ = {
			isa = XCConfigurationList;
			buildConfigurations = (
				09E80A12193BEB0800D62ED1 /* Debug */,
				09E80A13193BEB0800D62ED1 /* Release */,
			);
			defaultConfigurationIsVisible = 0;
			defaultConfigurationName = Release;
		};
		09E80A14193BEB0800D62ED1 /* Build configuration list for PBXNativeTarget "rusmuz2" */ = {
			isa = XCConfigurationList;
			buildConfigurations = (
				09E80A15193BEB0800D62ED1 /* Debug */,
				09E80A16193BEB0800D62ED1 /* Release */,
			);
			defaultConfigurationIsVisible = 0;
		};
		09E80A17193BEB0800D62ED1 /* Build configuration list for PBXNativeTarget "rusmuz2Tests" */ = {
			isa = XCConfigurationList;
			buildConfigurations = (
				09E80A18193BEB0800D62ED1 /* Debug */,
				09E80A19193BEB0800D62ED1 /* Release */,
			);
			defaultConfigurationIsVisible = 0;
		};
/* End XCConfigurationList section */
	};
	rootObject = 09E809DA193BEB0700D62ED1 /* Project object */;
}
