// !$*UTF8*$!
{
	archiveVersion = 1;
	classes = {
	};
	objectVersion = 46;
	objects = {

/* Begin PBXBuildFile section */
		09E809E6193BEB0700D62ED1 /* Foundation.framework in Frameworks */ = {isa = PBXBuildFile; fileRef = 09E809E5193BEB0700D62ED1 /* Foundation.framework */; };
		09E809E8193BEB0700D62ED1 /* CoreGraphics.framework in Frameworks */ = {isa = PBXBuildFile; fileRef = 09E809E7193BEB0700D62ED1 /* CoreGraphics.framework */; };
		09E809EA193BEB0700D62ED1 /* UIKit.framework in Frameworks */ = {isa = PBXBuildFile; fileRef = 09E809E9193BEB0700D62ED1 /* UIKit.framework */; };
		09E809F0193BEB0700D62ED1 /* InfoPlist.strings in Resources */ = {isa = PBXBuildFile; fileRef = 09E809EE193BEB0700D62ED1 /* InfoPlist.strings */; };
		09E809F2193BEB0700D62ED1 /* main.m in Sources */ = {isa = PBXBuildFile; fileRef = 09E809F1193BEB0700D62ED1 /* main.m */; };
		09E809FE193BEB0800D62ED1 /* Images.xcassets in Resources */ = {isa = PBXBuildFile; fileRef = 09E809FD193BEB0800D62ED1 /* Images.xcassets */; };
		09E80A05193BEB0800D62ED1 /* XCTest.framework in Frameworks */ = {isa = PBXBuildFile; fileRef = 09E80A04193BEB0800D62ED1 /* XCTest.framework */; };
		09E80A06193BEB0800D62ED1 /* Foundation.framework in Frameworks */ = {isa = PBXBuildFile; fileRef = 09E809E5193BEB0700D62ED1 /* Foundation.framework */; };
		09E80A07193BEB0800D62ED1 /* UIKit.framework in Frameworks */ = {isa = PBXBuildFile; fileRef = 09E809E9193BEB0700D62ED1 /* UIKit.framework */; };
		09E80A0F193BEB0800D62ED1 /* InfoPlist.strings in Resources */ = {isa = PBXBuildFile; fileRef = 09E80A0D193BEB0800D62ED1 /* InfoPlist.strings */; };
		09E80A11193BEB0800D62ED1 /* rusmuz2Tests.m in Sources */ = {isa = PBXBuildFile; fileRef = 09E80A10193BEB0800D62ED1 /* rusmuz2Tests.m */; };
		09E80A29193BEC5400D62ED1 /* AppDelegate.m in Sources */ = {isa = PBXBuildFile; fileRef = 09E80A1B193BEC5400D62ED1 /* AppDelegate.m */; };
		09E80A2A193BEC5400D62ED1 /* Main.storyboard in Resources */ = {isa = PBXBuildFile; fileRef = 09E80A1C193BEC5400D62ED1 /* Main.storyboard */; };
		09E80A2C193BEC5400D62ED1 /* InteractiveMapViewController.m in Sources */ = {isa = PBXBuildFile; fileRef = 09E80A20193BEC5400D62ED1 /* InteractiveMapViewController.m */; };
		09E80A2D193BEC5400D62ED1 /* ExhibitViewController.m in Sources */ = {isa = PBXBuildFile; fileRef = 09E80A22193BEC5400D62ED1 /* ExhibitViewController.m */; };
		09E80A2E193BEC5400D62ED1 /* ViewController.m in Sources */ = {isa = PBXBuildFile; fileRef = 09E80A24193BEC5400D62ED1 /* ViewController.m */; };
		09E80A32193BECC900D62ED1 /* libiconv.dylib in Frameworks */ = {isa = PBXBuildFile; fileRef = 09E80A31193BECC900D62ED1 /* libiconv.dylib */; };
		09E80A34193BECCF00D62ED1 /* QuartzCore.framework in Frameworks */ = {isa = PBXBuildFile; fileRef = 09E80A33193BECCF00D62ED1 /* QuartzCore.framework */; };
		09E80A36193BECF000D62ED1 /* CoreVideo.framework in Frameworks */ = {isa = PBXBuildFile; fileRef = 09E80A35193BECF000D62ED1 /* CoreVideo.framework */; };
		09E80A38193BECF700D62ED1 /* CoreAudio.framework in Frameworks */ = {isa = PBXBuildFile; fileRef = 09E80A37193BECF700D62ED1 /* CoreAudio.framework */; };
		09E80A3A193BECFF00D62ED1 /* CoreMedia.framework in Frameworks */ = {isa = PBXBuildFile; fileRef = 09E80A39193BECFF00D62ED1 /* CoreMedia.framework */; };
		09E80A3C193BED1000D62ED1 /* AVFoundation.framework in Frameworks */ = {isa = PBXBuildFile; fileRef = 09E80A3B193BED1000D62ED1 /* AVFoundation.framework */; };
		09E80A64193BEDF500D62ED1 /* states_coord.plist in Resources */ = {isa = PBXBuildFile; fileRef = 09E80A61193BEDF500D62ED1 /* states_coord.plist */; };
		09E80A65193BEDF500D62ED1 /* states_name.plist in Resources */ = {isa = PBXBuildFile; fileRef = 09E80A62193BEDF500D62ED1 /* states_name.plist */; };
		09E80A66193BEDF500D62ED1 /* US_States.gif in Resources */ = {isa = PBXBuildFile; fileRef = 09E80A63193BEDF500D62ED1 /* US_States.gif */; };
		09E80A6A193BEE0100D62ED1 /* MTImageMapView.m in Sources */ = {isa = PBXBuildFile; fileRef = 09E80A69193BEE0100D62ED1 /* MTImageMapView.m */; };
		09E80A6E193BF15500D62ED1 /* floor1.gif in Resources */ = {isa = PBXBuildFile; fileRef = 09E80A6C193BF15500D62ED1 /* floor1.gif */; };
		09E80A6F193BF15500D62ED1 /* floor2.gif in Resources */ = {isa = PBXBuildFile; fileRef = 09E80A6D193BF15500D62ED1 /* floor2.gif */; };
		2E415D8664764CDB8AC6D034 /* libPods-RussianMuseum.a in Frameworks */ = {isa = PBXBuildFile; fileRef = 0432D99F9AF4454C8182EA5E /* libPods-RussianMuseum.a */; };
		791F84DA19D8EE040061BAB8 /* qrLB.png in Resources */ = {isa = PBXBuildFile; fileRef = 791F84D619D8EE040061BAB8 /* qrLB.png */; };
		791F84DB19D8EE040061BAB8 /* qrLT.png in Resources */ = {isa = PBXBuildFile; fileRef = 791F84D719D8EE040061BAB8 /* qrLT.png */; };
		791F84DC19D8EE040061BAB8 /* qrRB.png in Resources */ = {isa = PBXBuildFile; fileRef = 791F84D819D8EE040061BAB8 /* qrRB.png */; };
		791F84DD19D8EE040061BAB8 /* qrUR.png in Resources */ = {isa = PBXBuildFile; fileRef = 791F84D919D8EE040061BAB8 /* qrUR.png */; };
		7923D9C4194E6BB6008C3013 /* floor1.png in Resources */ = {isa = PBXBuildFile; fileRef = 7923D9C2194E6BB6008C3013 /* floor1.png */; };
		7923D9C5194E6BB6008C3013 /* floor2.png in Resources */ = {isa = PBXBuildFile; fileRef = 7923D9C3194E6BB6008C3013 /* floor2.png */; };
		79395AE6198FCF850026F137 /* homeButton@2x.png in Resources */ = {isa = PBXBuildFile; fileRef = 79395AE3198FCF850026F137 /* homeButton@2x.png */; };
		793CDB19196099B900E97CCB /* NSManagedObjectContext+Queryable.m in Sources */ = {isa = PBXBuildFile; fileRef = 793CDB18196099B900E97CCB /* NSManagedObjectContext+Queryable.m */; };
		793CDB23196236E600E97CCB /* CDCreatorViewController.m in Sources */ = {isa = PBXBuildFile; fileRef = 793CDB22196236E600E97CCB /* CDCreatorViewController.m */; };
		7946DF0A19A4CB2200F971EB /* Room.m in Sources */ = {isa = PBXBuildFile; fileRef = 7946DF0919A4CB2200F971EB /* Room.m */; };
		7946DF0D19A4CB2300F971EB /* Event.m in Sources */ = {isa = PBXBuildFile; fileRef = 7946DF0C19A4CB2300F971EB /* Event.m */; };
		7946DF1019A4CB2300F971EB /* Exhibit.m in Sources */ = {isa = PBXBuildFile; fileRef = 7946DF0F19A4CB2300F971EB /* Exhibit.m */; };
		7946DF1319A551B600F971EB /* mapButton@2x.png in Resources */ = {isa = PBXBuildFile; fileRef = 7946DF1119A551B600F971EB /* mapButton@2x.png */; };
		7946DF1419A551B600F971EB /* QRButton@2x.png in Resources */ = {isa = PBXBuildFile; fileRef = 7946DF1219A551B600F971EB /* QRButton@2x.png */; };
		79495A46199A525D00F5F354 /* testPicture@2x.png in Resources */ = {isa = PBXBuildFile; fileRef = 79495A45199A525D00F5F354 /* testPicture@2x.png */; };
		79495A48199A5E0400F5F354 /* largePhoto@2x.jpg in Resources */ = {isa = PBXBuildFile; fileRef = 79495A47199A5E0300F5F354 /* largePhoto@2x.jpg */; };
		79495A4B199A8B8C00F5F354 /* QRViewController.m in Sources */ = {isa = PBXBuildFile; fileRef = 79495A4A199A8B8C00F5F354 /* QRViewController.m */; };
		794A6FC519882FF6008A4A30 /* block@2x.png in Resources */ = {isa = PBXBuildFile; fileRef = 794A6FC419882FF6008A4A30 /* block@2x.png */; };
		794A6FC7198833BE008A4A30 /* picture@2x.png in Resources */ = {isa = PBXBuildFile; fileRef = 794A6FC6198833BE008A4A30 /* picture@2x.png */; };
		7951B4E019BB4F6A00F86AB4 /* ExhibitImageView.m in Sources */ = {isa = PBXBuildFile; fileRef = 7951B4DF19BB4F6A00F86AB4 /* ExhibitImageView.m */; };
		795852BD19E70CA70000BF0D /* sponsorButton@2x.png in Resources */ = {isa = PBXBuildFile; fileRef = 795852BC19E70CA70000BF0D /* sponsorButton@2x.png */; };
		795852C019E71BBB0000BF0D /* SponsorViewController.m in Sources */ = {isa = PBXBuildFile; fileRef = 795852BF19E71BBB0000BF0D /* SponsorViewController.m */; };
		795852C219E71EBD0000BF0D /* sponsorScreen.png in Resources */ = {isa = PBXBuildFile; fileRef = 795852C119E71EBD0000BF0D /* sponsorScreen.png */; };
		796C145A19656EA60046916C /* MiniMapViewController.m in Sources */ = {isa = PBXBuildFile; fileRef = 796C145919656EA60046916C /* MiniMapViewController.m */; };
		797BD01F19E9A31200A58B9D /* BlockScrollView.m in Sources */ = {isa = PBXBuildFile; fileRef = 797BD01E19E9A31200A58B9D /* BlockScrollView.m */; };
		797DC06E19F3375C00EA0C03 /* PreviewScrollView.m in Sources */ = {isa = PBXBuildFile; fileRef = 797DC06D19F3375C00EA0C03 /* PreviewScrollView.m */; };
		798F524619944FE100FE021D /* floor1Button@2x.png in Resources */ = {isa = PBXBuildFile; fileRef = 798F524419944FE100FE021D /* floor1Button@2x.png */; };
		798F524719944FE100FE021D /* floor2Button@2x.png in Resources */ = {isa = PBXBuildFile; fileRef = 798F524519944FE100FE021D /* floor2Button@2x.png */; };
		798FFBBB19570619004B94A6 /* InfoViewController.m in Sources */ = {isa = PBXBuildFile; fileRef = 798FFBBA19570619004B94A6 /* InfoViewController.m */; };
		798FFBBE19570626004B94A6 /* PageContentViewController.m in Sources */ = {isa = PBXBuildFile; fileRef = 798FFBBD19570626004B94A6 /* PageContentViewController.m */; };
		798FFBC31957063A004B94A6 /* page1.png in Resources */ = {isa = PBXBuildFile; fileRef = 798FFBBF1957063A004B94A6 /* page1.png */; };
		798FFBC41957063A004B94A6 /* page2.png in Resources */ = {isa = PBXBuildFile; fileRef = 798FFBC01957063A004B94A6 /* page2.png */; };
		798FFBC51957063A004B94A6 /* page3.png in Resources */ = {isa = PBXBuildFile; fileRef = 798FFBC11957063A004B94A6 /* page3.png */; };
		798FFBC61957063A004B94A6 /* page4.png in Resources */ = {isa = PBXBuildFile; fileRef = 798FFBC21957063A004B94A6 /* page4.png */; };
		7998082B198E944100580214 /* pic1@2x.png in Resources */ = {isa = PBXBuildFile; fileRef = 79980828198E944100580214 /* pic1@2x.png */; };
		7998082C198E944100580214 /* pic2@2x.png in Resources */ = {isa = PBXBuildFile; fileRef = 79980829198E944100580214 /* pic2@2x.png */; };
		7998082D198E944100580214 /* pic3@2x.png in Resources */ = {isa = PBXBuildFile; fileRef = 7998082A198E944100580214 /* pic3@2x.png */; };
		7998082F198EFE7D00580214 /* rmButton@2x.png in Resources */ = {isa = PBXBuildFile; fileRef = 7998082E198EFE7D00580214 /* rmButton@2x.png */; };
		79980832198F0DB800580214 /* NavigationButton.m in Sources */ = {isa = PBXBuildFile; fileRef = 79980831198F0DB800580214 /* NavigationButton.m */; };
		799A06C51982E4C700C83526 /* PictureScrollView.m in Sources */ = {isa = PBXBuildFile; fileRef = 799A06C41982E4C700C83526 /* PictureScrollView.m */; };
		799EA29619735E7B00D8F1DE /* ZoomSegue.m in Sources */ = {isa = PBXBuildFile; fileRef = 799EA29519735E7B00D8F1DE /* ZoomSegue.m */; };
		79B184811972004C002A95C2 /* testButton.png in Resources */ = {isa = PBXBuildFile; fileRef = 79B184801972004C002A95C2 /* testButton.png */; };
		79B5D094194CD5570075345E /* testNumbers.plist in Resources */ = {isa = PBXBuildFile; fileRef = 79B5D093194CD5570075345E /* testNumbers.plist */; };
		79B5D098194CD7080075345E /* testCoord.plist in Resources */ = {isa = PBXBuildFile; fileRef = 79B5D097194CD7080075345E /* testCoord.plist */; };
		79C01144195CF4F100BF6784 /* MasterViewController.m in Sources */ = {isa = PBXBuildFile; fileRef = 79C01141195CF4F100BF6784 /* MasterViewController.m */; };
		79C01145195CF4F100BF6784 /* DetailViewController.m in Sources */ = {isa = PBXBuildFile; fileRef = 79C01143195CF4F100BF6784 /* DetailViewController.m */; };
		79C01149195CF51700BF6784 /* CoreData.framework in Frameworks */ = {isa = PBXBuildFile; fileRef = 79C01148195CF51700BF6784 /* CoreData.framework */; };
		79C0114C195CF74500BF6784 /* Model.xcdatamodeld in Sources */ = {isa = PBXBuildFile; fileRef = 79C0114A195CF74500BF6784 /* Model.xcdatamodeld */; };
		79CB3E5919AD8C5A00F9F062 /* FloorSelectorViewController.m in Sources */ = {isa = PBXBuildFile; fileRef = 79CB3E5819AD8C5A00F9F062 /* FloorSelectorViewController.m */; };
		79D3102C196EFFEE00D7389D /* MockupExhibitViewController.m in Sources */ = {isa = PBXBuildFile; fileRef = 79D3102B196EFFEE00D7389D /* MockupExhibitViewController.m */; };
		79DC2C4319B0DAB000936425 /* mainLogo@2x.png in Resources */ = {isa = PBXBuildFile; fileRef = 79DC2C4219B0DAB000936425 /* mainLogo@2x.png */; };
		79E804DB194A918D00B2713C /* libzbar.a in Frameworks */ = {isa = PBXBuildFile; fileRef = 79E804D5194A918D00B2713C /* libzbar.a */; };
		79E804DC194A918D00B2713C /* zbar-back.png in Resources */ = {isa = PBXBuildFile; fileRef = 79E804D7194A918D00B2713C /* zbar-back.png */; };
		79E804DD194A918D00B2713C /* zbar-help.html in Resources */ = {isa = PBXBuildFile; fileRef = 79E804D8194A918D00B2713C /* zbar-help.html */; };
		79E804DE194A918D00B2713C /* zbar-helpicons.png in Resources */ = {isa = PBXBuildFile; fileRef = 79E804D9194A918D00B2713C /* zbar-helpicons.png */; };
		79E804DF194A918D00B2713C /* zbar-samples.png in Resources */ = {isa = PBXBuildFile; fileRef = 79E804DA194A918D00B2713C /* zbar-samples.png */; };
		79EA5C9C19B20FC00076E011 /* ExhibitPreview.m in Sources */ = {isa = PBXBuildFile; fileRef = 79EA5C9B19B20FC00076E011 /* ExhibitPreview.m */; };
		79EA5C9F19B2C59D0076E011 /* BlockView.m in Sources */ = {isa = PBXBuildFile; fileRef = 79EA5C9E19B2C59D0076E011 /* BlockView.m */; };
		79EF8D5F19AD7FBE00BFB4DC /* floorSelectorImage.png in Resources */ = {isa = PBXBuildFile; fileRef = 79EF8D5E19AD7FBE00BFB4DC /* floorSelectorImage.png */; };
		84848CF4199BD7F400CFD4FD /* StartViewController.m in Sources */ = {isa = PBXBuildFile; fileRef = 84848CF3199BD7F400CFD4FD /* StartViewController.m */; };
/* End PBXBuildFile section */

/* Begin PBXContainerItemProxy section */
		09E80A08193BEB0800D62ED1 /* PBXContainerItemProxy */ = {
			isa = PBXContainerItemProxy;
			containerPortal = 09E809DA193BEB0700D62ED1 /* Project object */;
			proxyType = 1;
			remoteGlobalIDString = 09E809E1193BEB0700D62ED1;
			remoteInfo = rusmuz2;
		};
/* End PBXContainerItemProxy section */

/* Begin PBXFileReference section */
		0432D99F9AF4454C8182EA5E /* libPods-RussianMuseum.a */ = {isa = PBXFileReference; explicitFileType = archive.ar; includeInIndex = 0; path = "libPods-RussianMuseum.a"; sourceTree = BUILT_PRODUCTS_DIR; };
		09E809E2193BEB0700D62ED1 /* RussianMuseum.app */ = {isa = PBXFileReference; explicitFileType = wrapper.application; includeInIndex = 0; path = RussianMuseum.app; sourceTree = BUILT_PRODUCTS_DIR; };
		09E809E5193BEB0700D62ED1 /* Foundation.framework */ = {isa = PBXFileReference; lastKnownFileType = wrapper.framework; name = Foundation.framework; path = System/Library/Frameworks/Foundation.framework; sourceTree = SDKROOT; };
		09E809E7193BEB0700D62ED1 /* CoreGraphics.framework */ = {isa = PBXFileReference; lastKnownFileType = wrapper.framework; name = CoreGraphics.framework; path = System/Library/Frameworks/CoreGraphics.framework; sourceTree = SDKROOT; };
		09E809E9193BEB0700D62ED1 /* UIKit.framework */ = {isa = PBXFileReference; lastKnownFileType = wrapper.framework; name = UIKit.framework; path = System/Library/Frameworks/UIKit.framework; sourceTree = SDKROOT; };
		09E809ED193BEB0700D62ED1 /* RussianMuseum-Info.plist */ = {isa = PBXFileReference; lastKnownFileType = text.plist.xml; path = "RussianMuseum-Info.plist"; sourceTree = "<group>"; };
		09E809EF193BEB0700D62ED1 /* en */ = {isa = PBXFileReference; lastKnownFileType = text.plist.strings; name = en; path = en.lproj/InfoPlist.strings; sourceTree = "<group>"; };
		09E809F1193BEB0700D62ED1 /* main.m */ = {isa = PBXFileReference; lastKnownFileType = sourcecode.c.objc; path = main.m; sourceTree = "<group>"; };
		09E809F3193BEB0800D62ED1 /* RussianMuseum-Prefix.pch */ = {isa = PBXFileReference; lastKnownFileType = sourcecode.c.h; path = "RussianMuseum-Prefix.pch"; sourceTree = "<group>"; };
		09E809FD193BEB0800D62ED1 /* Images.xcassets */ = {isa = PBXFileReference; lastKnownFileType = folder.assetcatalog; path = Images.xcassets; sourceTree = "<group>"; };
		09E80A03193BEB0800D62ED1 /* RussianMuseumTests.xctest */ = {isa = PBXFileReference; explicitFileType = wrapper.cfbundle; includeInIndex = 0; path = RussianMuseumTests.xctest; sourceTree = BUILT_PRODUCTS_DIR; };
		09E80A04193BEB0800D62ED1 /* XCTest.framework */ = {isa = PBXFileReference; lastKnownFileType = wrapper.framework; name = XCTest.framework; path = Library/Frameworks/XCTest.framework; sourceTree = DEVELOPER_DIR; };
		09E80A0C193BEB0800D62ED1 /* RussianMuseumTests-Info.plist */ = {isa = PBXFileReference; lastKnownFileType = text.plist.xml; path = "RussianMuseumTests-Info.plist"; sourceTree = "<group>"; };
		09E80A0E193BEB0800D62ED1 /* en */ = {isa = PBXFileReference; lastKnownFileType = text.plist.strings; name = en; path = en.lproj/InfoPlist.strings; sourceTree = "<group>"; };
		09E80A10193BEB0800D62ED1 /* rusmuz2Tests.m */ = {isa = PBXFileReference; lastKnownFileType = sourcecode.c.objc; path = rusmuz2Tests.m; sourceTree = "<group>"; };
		09E80A1A193BEC5400D62ED1 /* AppDelegate.h */ = {isa = PBXFileReference; fileEncoding = 4; lastKnownFileType = sourcecode.c.h; path = AppDelegate.h; sourceTree = "<group>"; };
		09E80A1B193BEC5400D62ED1 /* AppDelegate.m */ = {isa = PBXFileReference; fileEncoding = 4; lastKnownFileType = sourcecode.c.objc; path = AppDelegate.m; sourceTree = "<group>"; };
		09E80A1C193BEC5400D62ED1 /* Main.storyboard */ = {isa = PBXFileReference; fileEncoding = 4; lastKnownFileType = file.storyboard; path = Main.storyboard; sourceTree = "<group>"; };
		09E80A1F193BEC5400D62ED1 /* InteractiveMapViewController.h */ = {isa = PBXFileReference; fileEncoding = 4; lastKnownFileType = sourcecode.c.h; path = InteractiveMapViewController.h; sourceTree = "<group>"; };
		09E80A20193BEC5400D62ED1 /* InteractiveMapViewController.m */ = {isa = PBXFileReference; fileEncoding = 4; lastKnownFileType = sourcecode.c.objc; path = InteractiveMapViewController.m; sourceTree = "<group>"; };
		09E80A21193BEC5400D62ED1 /* ExhibitViewController.h */ = {isa = PBXFileReference; fileEncoding = 4; lastKnownFileType = sourcecode.c.h; path = ExhibitViewController.h; sourceTree = "<group>"; };
		09E80A22193BEC5400D62ED1 /* ExhibitViewController.m */ = {isa = PBXFileReference; fileEncoding = 4; lastKnownFileType = sourcecode.c.objc; path = ExhibitViewController.m; sourceTree = "<group>"; };
		09E80A23193BEC5400D62ED1 /* ViewController.h */ = {isa = PBXFileReference; fileEncoding = 4; lastKnownFileType = sourcecode.c.h; path = ViewController.h; sourceTree = "<group>"; };
		09E80A24193BEC5400D62ED1 /* ViewController.m */ = {isa = PBXFileReference; fileEncoding = 4; lastKnownFileType = sourcecode.c.objc; path = ViewController.m; sourceTree = "<group>"; };
		09E80A31193BECC900D62ED1 /* libiconv.dylib */ = {isa = PBXFileReference; lastKnownFileType = "compiled.mach-o.dylib"; name = libiconv.dylib; path = usr/lib/libiconv.dylib; sourceTree = SDKROOT; };
		09E80A33193BECCF00D62ED1 /* QuartzCore.framework */ = {isa = PBXFileReference; lastKnownFileType = wrapper.framework; name = QuartzCore.framework; path = System/Library/Frameworks/QuartzCore.framework; sourceTree = SDKROOT; };
		09E80A35193BECF000D62ED1 /* CoreVideo.framework */ = {isa = PBXFileReference; lastKnownFileType = wrapper.framework; name = CoreVideo.framework; path = System/Library/Frameworks/CoreVideo.framework; sourceTree = SDKROOT; };
		09E80A37193BECF700D62ED1 /* CoreAudio.framework */ = {isa = PBXFileReference; lastKnownFileType = wrapper.framework; name = CoreAudio.framework; path = System/Library/Frameworks/CoreAudio.framework; sourceTree = SDKROOT; };
		09E80A39193BECFF00D62ED1 /* CoreMedia.framework */ = {isa = PBXFileReference; lastKnownFileType = wrapper.framework; name = CoreMedia.framework; path = System/Library/Frameworks/CoreMedia.framework; sourceTree = SDKROOT; };
		09E80A3B193BED1000D62ED1 /* AVFoundation.framework */ = {isa = PBXFileReference; lastKnownFileType = wrapper.framework; name = AVFoundation.framework; path = System/Library/Frameworks/AVFoundation.framework; sourceTree = SDKROOT; };
		09E80A61193BEDF500D62ED1 /* states_coord.plist */ = {isa = PBXFileReference; fileEncoding = 4; lastKnownFileType = text.plist.xml; path = states_coord.plist; sourceTree = "<group>"; };
		09E80A62193BEDF500D62ED1 /* states_name.plist */ = {isa = PBXFileReference; fileEncoding = 4; lastKnownFileType = text.plist.xml; path = states_name.plist; sourceTree = "<group>"; };
		09E80A63193BEDF500D62ED1 /* US_States.gif */ = {isa = PBXFileReference; lastKnownFileType = image.gif; path = US_States.gif; sourceTree = "<group>"; };
		09E80A68193BEE0100D62ED1 /* MTImageMapView.h */ = {isa = PBXFileReference; fileEncoding = 4; lastKnownFileType = sourcecode.c.h; path = MTImageMapView.h; sourceTree = "<group>"; };
		09E80A69193BEE0100D62ED1 /* MTImageMapView.m */ = {isa = PBXFileReference; fileEncoding = 4; lastKnownFileType = sourcecode.c.objc; path = MTImageMapView.m; sourceTree = "<group>"; };
		09E80A6C193BF15500D62ED1 /* floor1.gif */ = {isa = PBXFileReference; lastKnownFileType = image.gif; path = floor1.gif; sourceTree = "<group>"; };
		09E80A6D193BF15500D62ED1 /* floor2.gif */ = {isa = PBXFileReference; lastKnownFileType = image.gif; path = floor2.gif; sourceTree = "<group>"; };
		791F84D619D8EE040061BAB8 /* qrLB.png */ = {isa = PBXFileReference; lastKnownFileType = image.png; path = qrLB.png; sourceTree = "<group>"; };
		791F84D719D8EE040061BAB8 /* qrLT.png */ = {isa = PBXFileReference; lastKnownFileType = image.png; path = qrLT.png; sourceTree = "<group>"; };
		791F84D819D8EE040061BAB8 /* qrRB.png */ = {isa = PBXFileReference; lastKnownFileType = image.png; path = qrRB.png; sourceTree = "<group>"; };
		791F84D919D8EE040061BAB8 /* qrUR.png */ = {isa = PBXFileReference; lastKnownFileType = image.png; path = qrUR.png; sourceTree = "<group>"; };
		7923D9C2194E6BB6008C3013 /* floor1.png */ = {isa = PBXFileReference; lastKnownFileType = image.png; path = floor1.png; sourceTree = "<group>"; };
		7923D9C3194E6BB6008C3013 /* floor2.png */ = {isa = PBXFileReference; lastKnownFileType = image.png; path = floor2.png; sourceTree = "<group>"; };
		79395AE3198FCF850026F137 /* homeButton@2x.png */ = {isa = PBXFileReference; lastKnownFileType = image.png; path = "homeButton@2x.png"; sourceTree = "<group>"; };
		793CDB16196099B900E97CCB /* ios-queryable-Prefix.pch */ = {isa = PBXFileReference; fileEncoding = 4; lastKnownFileType = sourcecode.c.h; path = "ios-queryable-Prefix.pch"; sourceTree = "<group>"; };
		793CDB17196099B900E97CCB /* NSManagedObjectContext+Queryable.h */ = {isa = PBXFileReference; fileEncoding = 4; lastKnownFileType = sourcecode.c.h; path = "NSManagedObjectContext+Queryable.h"; sourceTree = "<group>"; };
		793CDB18196099B900E97CCB /* NSManagedObjectContext+Queryable.m */ = {isa = PBXFileReference; fileEncoding = 4; lastKnownFileType = sourcecode.c.objc; path = "NSManagedObjectContext+Queryable.m"; sourceTree = "<group>"; };
		793CDB21196236E600E97CCB /* CDCreatorViewController.h */ = {isa = PBXFileReference; fileEncoding = 4; lastKnownFileType = sourcecode.c.h; path = CDCreatorViewController.h; sourceTree = "<group>"; };
		793CDB22196236E600E97CCB /* CDCreatorViewController.m */ = {isa = PBXFileReference; fileEncoding = 4; lastKnownFileType = sourcecode.c.objc; path = CDCreatorViewController.m; sourceTree = "<group>"; };
		7946DF0819A4CB2200F971EB /* Room.h */ = {isa = PBXFileReference; fileEncoding = 4; lastKnownFileType = sourcecode.c.h; name = Room.h; path = CoreDataClasses/Room.h; sourceTree = "<group>"; };
		7946DF0919A4CB2200F971EB /* Room.m */ = {isa = PBXFileReference; fileEncoding = 4; lastKnownFileType = sourcecode.c.objc; name = Room.m; path = CoreDataClasses/Room.m; sourceTree = "<group>"; };
		7946DF0B19A4CB2300F971EB /* Event.h */ = {isa = PBXFileReference; fileEncoding = 4; lastKnownFileType = sourcecode.c.h; name = Event.h; path = CoreDataClasses/Event.h; sourceTree = "<group>"; };
		7946DF0C19A4CB2300F971EB /* Event.m */ = {isa = PBXFileReference; fileEncoding = 4; lastKnownFileType = sourcecode.c.objc; name = Event.m; path = CoreDataClasses/Event.m; sourceTree = "<group>"; };
		7946DF0E19A4CB2300F971EB /* Exhibit.h */ = {isa = PBXFileReference; fileEncoding = 4; lastKnownFileType = sourcecode.c.h; name = Exhibit.h; path = CoreDataClasses/Exhibit.h; sourceTree = "<group>"; };
		7946DF0F19A4CB2300F971EB /* Exhibit.m */ = {isa = PBXFileReference; fileEncoding = 4; lastKnownFileType = sourcecode.c.objc; name = Exhibit.m; path = CoreDataClasses/Exhibit.m; sourceTree = "<group>"; };
		7946DF1119A551B600F971EB /* mapButton@2x.png */ = {isa = PBXFileReference; lastKnownFileType = image.png; path = "mapButton@2x.png"; sourceTree = "<group>"; };
		7946DF1219A551B600F971EB /* QRButton@2x.png */ = {isa = PBXFileReference; lastKnownFileType = image.png; path = "QRButton@2x.png"; sourceTree = "<group>"; };
		79495A45199A525D00F5F354 /* testPicture@2x.png */ = {isa = PBXFileReference; lastKnownFileType = image.png; path = "testPicture@2x.png"; sourceTree = "<group>"; };
		79495A47199A5E0300F5F354 /* largePhoto@2x.jpg */ = {isa = PBXFileReference; lastKnownFileType = image.jpeg; path = "largePhoto@2x.jpg"; sourceTree = "<group>"; };
		79495A49199A8B8C00F5F354 /* QRViewController.h */ = {isa = PBXFileReference; fileEncoding = 4; lastKnownFileType = sourcecode.c.h; path = QRViewController.h; sourceTree = "<group>"; };
		79495A4A199A8B8C00F5F354 /* QRViewController.m */ = {isa = PBXFileReference; fileEncoding = 4; lastKnownFileType = sourcecode.c.objc; path = QRViewController.m; sourceTree = "<group>"; };
		794A6FC419882FF6008A4A30 /* block@2x.png */ = {isa = PBXFileReference; lastKnownFileType = image.png; path = "block@2x.png"; sourceTree = "<group>"; };
		794A6FC6198833BE008A4A30 /* picture@2x.png */ = {isa = PBXFileReference; lastKnownFileType = image.png; path = "picture@2x.png"; sourceTree = "<group>"; };
		7951B4DE19BB4F6A00F86AB4 /* ExhibitImageView.h */ = {isa = PBXFileReference; fileEncoding = 4; lastKnownFileType = sourcecode.c.h; path = ExhibitImageView.h; sourceTree = "<group>"; };
		7951B4DF19BB4F6A00F86AB4 /* ExhibitImageView.m */ = {isa = PBXFileReference; fileEncoding = 4; lastKnownFileType = sourcecode.c.objc; path = ExhibitImageView.m; sourceTree = "<group>"; };
		795852BC19E70CA70000BF0D /* sponsorButton@2x.png */ = {isa = PBXFileReference; lastKnownFileType = image.png; path = "sponsorButton@2x.png"; sourceTree = "<group>"; };
		795852BE19E71BBB0000BF0D /* SponsorViewController.h */ = {isa = PBXFileReference; fileEncoding = 4; lastKnownFileType = sourcecode.c.h; path = SponsorViewController.h; sourceTree = "<group>"; };
		795852BF19E71BBB0000BF0D /* SponsorViewController.m */ = {isa = PBXFileReference; fileEncoding = 4; lastKnownFileType = sourcecode.c.objc; path = SponsorViewController.m; sourceTree = "<group>"; };
		795852C119E71EBD0000BF0D /* sponsorScreen.png */ = {isa = PBXFileReference; lastKnownFileType = image.png; path = sponsorScreen.png; sourceTree = "<group>"; };
		796C145819656EA60046916C /* MiniMapViewController.h */ = {isa = PBXFileReference; fileEncoding = 4; lastKnownFileType = sourcecode.c.h; path = MiniMapViewController.h; sourceTree = "<group>"; };
		796C145919656EA60046916C /* MiniMapViewController.m */ = {isa = PBXFileReference; fileEncoding = 4; lastKnownFileType = sourcecode.c.objc; path = MiniMapViewController.m; sourceTree = "<group>"; };
		797BD01D19E9A31200A58B9D /* BlockScrollView.h */ = {isa = PBXFileReference; fileEncoding = 4; lastKnownFileType = sourcecode.c.h; path = BlockScrollView.h; sourceTree = "<group>"; };
		797BD01E19E9A31200A58B9D /* BlockScrollView.m */ = {isa = PBXFileReference; fileEncoding = 4; lastKnownFileType = sourcecode.c.objc; path = BlockScrollView.m; sourceTree = "<group>"; };
		797DC06B19F3145B00EA0C03 /* ExhibitTappedDelegate.h */ = {isa = PBXFileReference; fileEncoding = 4; lastKnownFileType = sourcecode.c.h; path = ExhibitTappedDelegate.h; sourceTree = "<group>"; };
		797DC06C19F3375C00EA0C03 /* PreviewScrollView.h */ = {isa = PBXFileReference; fileEncoding = 4; lastKnownFileType = sourcecode.c.h; path = PreviewScrollView.h; sourceTree = "<group>"; };
		797DC06D19F3375C00EA0C03 /* PreviewScrollView.m */ = {isa = PBXFileReference; fileEncoding = 4; lastKnownFileType = sourcecode.c.objc; path = PreviewScrollView.m; sourceTree = "<group>"; };
		798F524319943E0E00FE021D /* NavigationButtonEnum.h */ = {isa = PBXFileReference; fileEncoding = 4; lastKnownFileType = sourcecode.c.h; path = NavigationButtonEnum.h; sourceTree = "<group>"; };
		798F524419944FE100FE021D /* floor1Button@2x.png */ = {isa = PBXFileReference; lastKnownFileType = image.png; path = "floor1Button@2x.png"; sourceTree = "<group>"; };
		798F524519944FE100FE021D /* floor2Button@2x.png */ = {isa = PBXFileReference; lastKnownFileType = image.png; path = "floor2Button@2x.png"; sourceTree = "<group>"; };
		798FFBB919570619004B94A6 /* InfoViewController.h */ = {isa = PBXFileReference; fileEncoding = 4; lastKnownFileType = sourcecode.c.h; path = InfoViewController.h; sourceTree = "<group>"; };
		798FFBBA19570619004B94A6 /* InfoViewController.m */ = {isa = PBXFileReference; fileEncoding = 4; lastKnownFileType = sourcecode.c.objc; path = InfoViewController.m; sourceTree = "<group>"; };
		798FFBBC19570626004B94A6 /* PageContentViewController.h */ = {isa = PBXFileReference; fileEncoding = 4; lastKnownFileType = sourcecode.c.h; path = PageContentViewController.h; sourceTree = "<group>"; };
		798FFBBD19570626004B94A6 /* PageContentViewController.m */ = {isa = PBXFileReference; fileEncoding = 4; lastKnownFileType = sourcecode.c.objc; path = PageContentViewController.m; sourceTree = "<group>"; };
		798FFBBF1957063A004B94A6 /* page1.png */ = {isa = PBXFileReference; lastKnownFileType = image.png; path = page1.png; sourceTree = "<group>"; };
		798FFBC01957063A004B94A6 /* page2.png */ = {isa = PBXFileReference; lastKnownFileType = image.png; path = page2.png; sourceTree = "<group>"; };
		798FFBC11957063A004B94A6 /* page3.png */ = {isa = PBXFileReference; lastKnownFileType = image.png; path = page3.png; sourceTree = "<group>"; };
		798FFBC21957063A004B94A6 /* page4.png */ = {isa = PBXFileReference; lastKnownFileType = image.png; path = page4.png; sourceTree = "<group>"; };
		79980828198E944100580214 /* pic1@2x.png */ = {isa = PBXFileReference; lastKnownFileType = image.png; path = "pic1@2x.png"; sourceTree = "<group>"; };
		79980829198E944100580214 /* pic2@2x.png */ = {isa = PBXFileReference; lastKnownFileType = image.png; path = "pic2@2x.png"; sourceTree = "<group>"; };
		7998082A198E944100580214 /* pic3@2x.png */ = {isa = PBXFileReference; lastKnownFileType = image.png; path = "pic3@2x.png"; sourceTree = "<group>"; };
		7998082E198EFE7D00580214 /* rmButton@2x.png */ = {isa = PBXFileReference; lastKnownFileType = image.png; path = "rmButton@2x.png"; sourceTree = "<group>"; };
		79980830198F0DB700580214 /* NavigationButton.h */ = {isa = PBXFileReference; fileEncoding = 4; lastKnownFileType = sourcecode.c.h; path = NavigationButton.h; sourceTree = "<group>"; };
		79980831198F0DB800580214 /* NavigationButton.m */ = {isa = PBXFileReference; fileEncoding = 4; lastKnownFileType = sourcecode.c.objc; path = NavigationButton.m; sourceTree = "<group>"; };
		799988E219917BF8005CE978 /* NavigationButtonDelegate.h */ = {isa = PBXFileReference; lastKnownFileType = sourcecode.c.h; path = NavigationButtonDelegate.h; sourceTree = "<group>"; };
		799A06C31982E4C700C83526 /* PictureScrollView.h */ = {isa = PBXFileReference; fileEncoding = 4; lastKnownFileType = sourcecode.c.h; path = PictureScrollView.h; sourceTree = "<group>"; };
		799A06C41982E4C700C83526 /* PictureScrollView.m */ = {isa = PBXFileReference; fileEncoding = 4; lastKnownFileType = sourcecode.c.objc; path = PictureScrollView.m; sourceTree = "<group>"; };
		799EA29419735E7B00D8F1DE /* ZoomSegue.h */ = {isa = PBXFileReference; fileEncoding = 4; lastKnownFileType = sourcecode.c.h; path = ZoomSegue.h; sourceTree = "<group>"; };
		799EA29519735E7B00D8F1DE /* ZoomSegue.m */ = {isa = PBXFileReference; fileEncoding = 4; lastKnownFileType = sourcecode.c.objc; path = ZoomSegue.m; sourceTree = "<group>"; };
		79B184801972004C002A95C2 /* testButton.png */ = {isa = PBXFileReference; lastKnownFileType = image.png; path = testButton.png; sourceTree = "<group>"; };
		79B5D093194CD5570075345E /* testNumbers.plist */ = {isa = PBXFileReference; fileEncoding = 4; lastKnownFileType = text.plist.xml; path = testNumbers.plist; sourceTree = SOURCE_ROOT; };
		79B5D097194CD7080075345E /* testCoord.plist */ = {isa = PBXFileReference; fileEncoding = 4; lastKnownFileType = text.plist.xml; path = testCoord.plist; sourceTree = "<group>"; };
		79C01140195CF4F100BF6784 /* MasterViewController.h */ = {isa = PBXFileReference; fileEncoding = 4; lastKnownFileType = sourcecode.c.h; path = MasterViewController.h; sourceTree = "<group>"; };
		79C01141195CF4F100BF6784 /* MasterViewController.m */ = {isa = PBXFileReference; fileEncoding = 4; lastKnownFileType = sourcecode.c.objc; path = MasterViewController.m; sourceTree = "<group>"; };
		79C01142195CF4F100BF6784 /* DetailViewController.h */ = {isa = PBXFileReference; fileEncoding = 4; lastKnownFileType = sourcecode.c.h; path = DetailViewController.h; sourceTree = "<group>"; };
		79C01143195CF4F100BF6784 /* DetailViewController.m */ = {isa = PBXFileReference; fileEncoding = 4; lastKnownFileType = sourcecode.c.objc; path = DetailViewController.m; sourceTree = "<group>"; };
		79C01148195CF51700BF6784 /* CoreData.framework */ = {isa = PBXFileReference; lastKnownFileType = wrapper.framework; name = CoreData.framework; path = System/Library/Frameworks/CoreData.framework; sourceTree = SDKROOT; };
		79C0114B195CF74500BF6784 /* Model.xcdatamodel */ = {isa = PBXFileReference; lastKnownFileType = wrapper.xcdatamodel; path = Model.xcdatamodel; sourceTree = "<group>"; };
		79CB3E5719AD8C5A00F9F062 /* FloorSelectorViewController.h */ = {isa = PBXFileReference; fileEncoding = 4; lastKnownFileType = sourcecode.c.h; path = FloorSelectorViewController.h; sourceTree = "<group>"; };
		79CB3E5819AD8C5A00F9F062 /* FloorSelectorViewController.m */ = {isa = PBXFileReference; fileEncoding = 4; lastKnownFileType = sourcecode.c.objc; path = FloorSelectorViewController.m; sourceTree = "<group>"; };
		79D3102A196EFFEE00D7389D /* MockupExhibitViewController.h */ = {isa = PBXFileReference; fileEncoding = 4; lastKnownFileType = sourcecode.c.h; path = MockupExhibitViewController.h; sourceTree = "<group>"; };
		79D3102B196EFFEE00D7389D /* MockupExhibitViewController.m */ = {isa = PBXFileReference; fileEncoding = 4; lastKnownFileType = sourcecode.c.objc; path = MockupExhibitViewController.m; sourceTree = "<group>"; };
		79DC2C4219B0DAB000936425 /* mainLogo@2x.png */ = {isa = PBXFileReference; lastKnownFileType = image.png; path = "mainLogo@2x.png"; sourceTree = "<group>"; };
		79E804C1194A918D00B2713C /* Decoder.h */ = {isa = PBXFileReference; fileEncoding = 4; lastKnownFileType = sourcecode.c.h; path = Decoder.h; sourceTree = "<group>"; };
		79E804C2194A918D00B2713C /* Exception.h */ = {isa = PBXFileReference; fileEncoding = 4; lastKnownFileType = sourcecode.c.h; path = Exception.h; sourceTree = "<group>"; };
		79E804C3194A918D00B2713C /* Image.h */ = {isa = PBXFileReference; fileEncoding = 4; lastKnownFileType = sourcecode.c.h; path = Image.h; sourceTree = "<group>"; };
		79E804C4194A918D00B2713C /* ImageScanner.h */ = {isa = PBXFileReference; fileEncoding = 4; lastKnownFileType = sourcecode.c.h; path = ImageScanner.h; sourceTree = "<group>"; };
		79E804C5194A918D00B2713C /* Processor.h */ = {isa = PBXFileReference; fileEncoding = 4; lastKnownFileType = sourcecode.c.h; path = Processor.h; sourceTree = "<group>"; };
		79E804C6194A918D00B2713C /* Scanner.h */ = {isa = PBXFileReference; fileEncoding = 4; lastKnownFileType = sourcecode.c.h; path = Scanner.h; sourceTree = "<group>"; };
		79E804C7194A918D00B2713C /* Symbol.h */ = {isa = PBXFileReference; fileEncoding = 4; lastKnownFileType = sourcecode.c.h; path = Symbol.h; sourceTree = "<group>"; };
		79E804C8194A918D00B2713C /* Video.h */ = {isa = PBXFileReference; fileEncoding = 4; lastKnownFileType = sourcecode.c.h; path = Video.h; sourceTree = "<group>"; };
		79E804C9194A918D00B2713C /* Window.h */ = {isa = PBXFileReference; fileEncoding = 4; lastKnownFileType = sourcecode.c.h; path = Window.h; sourceTree = "<group>"; };
		79E804CA194A918D00B2713C /* zbar.h */ = {isa = PBXFileReference; fileEncoding = 4; lastKnownFileType = sourcecode.c.h; path = zbar.h; sourceTree = "<group>"; };
		79E804CB194A918D00B2713C /* ZBarCameraSimulator.h */ = {isa = PBXFileReference; fileEncoding = 4; lastKnownFileType = sourcecode.c.h; path = ZBarCameraSimulator.h; sourceTree = "<group>"; };
		79E804CC194A918D00B2713C /* ZBarCaptureReader.h */ = {isa = PBXFileReference; fileEncoding = 4; lastKnownFileType = sourcecode.c.h; path = ZBarCaptureReader.h; sourceTree = "<group>"; };
		79E804CD194A918D00B2713C /* ZBarHelpController.h */ = {isa = PBXFileReference; fileEncoding = 4; lastKnownFileType = sourcecode.c.h; path = ZBarHelpController.h; sourceTree = "<group>"; };
		79E804CE194A918D00B2713C /* ZBarImage.h */ = {isa = PBXFileReference; fileEncoding = 4; lastKnownFileType = sourcecode.c.h; path = ZBarImage.h; sourceTree = "<group>"; };
		79E804CF194A918D00B2713C /* ZBarImageScanner.h */ = {isa = PBXFileReference; fileEncoding = 4; lastKnownFileType = sourcecode.c.h; path = ZBarImageScanner.h; sourceTree = "<group>"; };
		79E804D0194A918D00B2713C /* ZBarReaderController.h */ = {isa = PBXFileReference; fileEncoding = 4; lastKnownFileType = sourcecode.c.h; path = ZBarReaderController.h; sourceTree = "<group>"; };
		79E804D1194A918D00B2713C /* ZBarReaderView.h */ = {isa = PBXFileReference; fileEncoding = 4; lastKnownFileType = sourcecode.c.h; path = ZBarReaderView.h; sourceTree = "<group>"; };
		79E804D2194A918D00B2713C /* ZBarReaderViewController.h */ = {isa = PBXFileReference; fileEncoding = 4; lastKnownFileType = sourcecode.c.h; path = ZBarReaderViewController.h; sourceTree = "<group>"; };
		79E804D3194A918D00B2713C /* ZBarSDK.h */ = {isa = PBXFileReference; fileEncoding = 4; lastKnownFileType = sourcecode.c.h; path = ZBarSDK.h; sourceTree = "<group>"; };
		79E804D4194A918D00B2713C /* ZBarSymbol.h */ = {isa = PBXFileReference; fileEncoding = 4; lastKnownFileType = sourcecode.c.h; path = ZBarSymbol.h; sourceTree = "<group>"; };
		79E804D5194A918D00B2713C /* libzbar.a */ = {isa = PBXFileReference; lastKnownFileType = archive.ar; path = libzbar.a; sourceTree = "<group>"; };
		79E804D7194A918D00B2713C /* zbar-back.png */ = {isa = PBXFileReference; lastKnownFileType = image.png; path = "zbar-back.png"; sourceTree = "<group>"; };
		79E804D8194A918D00B2713C /* zbar-help.html */ = {isa = PBXFileReference; fileEncoding = 4; lastKnownFileType = text.html; path = "zbar-help.html"; sourceTree = "<group>"; };
		79E804D9194A918D00B2713C /* zbar-helpicons.png */ = {isa = PBXFileReference; lastKnownFileType = image.png; path = "zbar-helpicons.png"; sourceTree = "<group>"; };
		79E804DA194A918D00B2713C /* zbar-samples.png */ = {isa = PBXFileReference; lastKnownFileType = image.png; path = "zbar-samples.png"; sourceTree = "<group>"; };
		79EA5C9A19B20FC00076E011 /* ExhibitPreview.h */ = {isa = PBXFileReference; fileEncoding = 4; lastKnownFileType = sourcecode.c.h; path = ExhibitPreview.h; sourceTree = "<group>"; };
		79EA5C9B19B20FC00076E011 /* ExhibitPreview.m */ = {isa = PBXFileReference; fileEncoding = 4; lastKnownFileType = sourcecode.c.objc; path = ExhibitPreview.m; sourceTree = "<group>"; };
		79EA5C9D19B2C59D0076E011 /* BlockView.h */ = {isa = PBXFileReference; fileEncoding = 4; lastKnownFileType = sourcecode.c.h; path = BlockView.h; sourceTree = "<group>"; };
		79EA5C9E19B2C59D0076E011 /* BlockView.m */ = {isa = PBXFileReference; fileEncoding = 4; lastKnownFileType = sourcecode.c.objc; path = BlockView.m; sourceTree = "<group>"; };
		79EF8D5E19AD7FBE00BFB4DC /* floorSelectorImage.png */ = {isa = PBXFileReference; lastKnownFileType = image.png; path = floorSelectorImage.png; sourceTree = "<group>"; };
		84848CF2199BD7F400CFD4FD /* StartViewController.h */ = {isa = PBXFileReference; fileEncoding = 4; lastKnownFileType = sourcecode.c.h; path = StartViewController.h; sourceTree = "<group>"; };
		84848CF3199BD7F400CFD4FD /* StartViewController.m */ = {isa = PBXFileReference; fileEncoding = 4; lastKnownFileType = sourcecode.c.objc; path = StartViewController.m; sourceTree = "<group>"; };
		A0A3BBF7512243EF91533307 /* Pods-RussianMuseum.xcconfig */ = {isa = PBXFileReference; includeInIndex = 1; lastKnownFileType = text.xcconfig; name = "Pods-RussianMuseum.xcconfig"; path = "Pods/Pods-RussianMuseum.xcconfig"; sourceTree = "<group>"; };
/* End PBXFileReference section */

/* Begin PBXFrameworksBuildPhase section */
		09E809DF193BEB0700D62ED1 /* Frameworks */ = {
			isa = PBXFrameworksBuildPhase;
			buildActionMask = 2147483647;
			files = (
				79C01149195CF51700BF6784 /* CoreData.framework in Frameworks */,
				09E809EA193BEB0700D62ED1 /* UIKit.framework in Frameworks */,
				09E80A3C193BED1000D62ED1 /* AVFoundation.framework in Frameworks */,
				79E804DB194A918D00B2713C /* libzbar.a in Frameworks */,
				09E809E8193BEB0700D62ED1 /* CoreGraphics.framework in Frameworks */,
				09E80A3A193BECFF00D62ED1 /* CoreMedia.framework in Frameworks */,
				09E80A38193BECF700D62ED1 /* CoreAudio.framework in Frameworks */,
				09E80A36193BECF000D62ED1 /* CoreVideo.framework in Frameworks */,
				09E80A34193BECCF00D62ED1 /* QuartzCore.framework in Frameworks */,
				09E80A32193BECC900D62ED1 /* libiconv.dylib in Frameworks */,
				09E809E6193BEB0700D62ED1 /* Foundation.framework in Frameworks */,
				2E415D8664764CDB8AC6D034 /* libPods-RussianMuseum.a in Frameworks */,
			);
			runOnlyForDeploymentPostprocessing = 0;
		};
		09E80A00193BEB0800D62ED1 /* Frameworks */ = {
			isa = PBXFrameworksBuildPhase;
			buildActionMask = 2147483647;
			files = (
				09E80A05193BEB0800D62ED1 /* XCTest.framework in Frameworks */,
				09E80A07193BEB0800D62ED1 /* UIKit.framework in Frameworks */,
				09E80A06193BEB0800D62ED1 /* Foundation.framework in Frameworks */,
			);
			runOnlyForDeploymentPostprocessing = 0;
		};
/* End PBXFrameworksBuildPhase section */

/* Begin PBXGroup section */
		09E809D9193BEB0700D62ED1 = {
			isa = PBXGroup;
			children = (
				09E809EB193BEB0700D62ED1 /* rusmuz2 */,
				09E80A0A193BEB0800D62ED1 /* rusmuz2Tests */,
				09E809E4193BEB0700D62ED1 /* Frameworks */,
				09E809E3193BEB0700D62ED1 /* Products */,
				A0A3BBF7512243EF91533307 /* Pods-RussianMuseum.xcconfig */,
			);
			sourceTree = "<group>";
		};
		09E809E3193BEB0700D62ED1 /* Products */ = {
			isa = PBXGroup;
			children = (
				09E809E2193BEB0700D62ED1 /* RussianMuseum.app */,
				09E80A03193BEB0800D62ED1 /* RussianMuseumTests.xctest */,
			);
			name = Products;
			sourceTree = "<group>";
		};
		09E809E4193BEB0700D62ED1 /* Frameworks */ = {
			isa = PBXGroup;
			children = (
				79C01148195CF51700BF6784 /* CoreData.framework */,
				09E80A3B193BED1000D62ED1 /* AVFoundation.framework */,
				09E80A39193BECFF00D62ED1 /* CoreMedia.framework */,
				09E80A37193BECF700D62ED1 /* CoreAudio.framework */,
				09E80A35193BECF000D62ED1 /* CoreVideo.framework */,
				09E80A33193BECCF00D62ED1 /* QuartzCore.framework */,
				09E80A31193BECC900D62ED1 /* libiconv.dylib */,
				09E809E5193BEB0700D62ED1 /* Foundation.framework */,
				09E809E7193BEB0700D62ED1 /* CoreGraphics.framework */,
				09E809E9193BEB0700D62ED1 /* UIKit.framework */,
				09E80A04193BEB0800D62ED1 /* XCTest.framework */,
				0432D99F9AF4454C8182EA5E /* libPods-RussianMuseum.a */,
			);
			name = Frameworks;
			sourceTree = "<group>";
		};
		09E809EB193BEB0700D62ED1 /* rusmuz2 */ = {
			isa = PBXGroup;
			children = (
				09E80A1A193BEC5400D62ED1 /* AppDelegate.h */,
				09E80A1B193BEC5400D62ED1 /* AppDelegate.m */,
				798F524319943E0E00FE021D /* NavigationButtonEnum.h */,
				799988E219917BF8005CE978 /* NavigationButtonDelegate.h */,
				79980830198F0DB700580214 /* NavigationButton.h */,
				79980831198F0DB800580214 /* NavigationButton.m */,
				09E80A1C193BEC5400D62ED1 /* Main.storyboard */,
				84848CF2199BD7F400CFD4FD /* StartViewController.h */,
				84848CF3199BD7F400CFD4FD /* StartViewController.m */,
				795852BE19E71BBB0000BF0D /* SponsorViewController.h */,
				795852BF19E71BBB0000BF0D /* SponsorViewController.m */,
				79495A49199A8B8C00F5F354 /* QRViewController.h */,
				79495A4A199A8B8C00F5F354 /* QRViewController.m */,
				79CB3E5719AD8C5A00F9F062 /* FloorSelectorViewController.h */,
				79CB3E5819AD8C5A00F9F062 /* FloorSelectorViewController.m */,
				09E80A1F193BEC5400D62ED1 /* InteractiveMapViewController.h */,
				09E80A20193BEC5400D62ED1 /* InteractiveMapViewController.m */,
				791A1C521A04787500607EA6 /* ExhibitViewController */,
				79D3102A196EFFEE00D7389D /* MockupExhibitViewController.h */,
				79D3102B196EFFEE00D7389D /* MockupExhibitViewController.m */,
				793CDB21196236E600E97CCB /* CDCreatorViewController.h */,
				793CDB22196236E600E97CCB /* CDCreatorViewController.m */,
				79C01140195CF4F100BF6784 /* MasterViewController.h */,
				79C01141195CF4F100BF6784 /* MasterViewController.m */,
				79C01142195CF4F100BF6784 /* DetailViewController.h */,
				79C01143195CF4F100BF6784 /* DetailViewController.m */,
				799EA29419735E7B00D8F1DE /* ZoomSegue.h */,
				799EA29519735E7B00D8F1DE /* ZoomSegue.m */,
				796C145819656EA60046916C /* MiniMapViewController.h */,
				796C145919656EA60046916C /* MiniMapViewController.m */,
				09E80A23193BEC5400D62ED1 /* ViewController.h */,
				09E80A24193BEC5400D62ED1 /* ViewController.m */,
				79C0114A195CF74500BF6784 /* Model.xcdatamodeld */,
				79B184801972004C002A95C2 /* testButton.png */,
				799A06C6198314F000C83526 /* DesignElements */,
				793CDB201960C2FB00E97CCB /* CoreDataClasses */,
				793CDB15196099B900E97CCB /* ios-queryable */,
				798FFBB819570600004B94A6 /* InfoPage */,
				09E80A6B193BF15500D62ED1 /* FloorMaps */,
				09E80A67193BEE0100D62ED1 /* MTImageMapView */,
				79E804BD194A918D00B2713C /* ZBarSDK */,
				09E80A60193BEDF500D62ED1 /* Resource */,
				09E809FD193BEB0800D62ED1 /* Images.xcassets */,
				09E809EC193BEB0700D62ED1 /* Supporting Files */,
			);
			path = rusmuz2;
			sourceTree = "<group>";
		};
		09E809EC193BEB0700D62ED1 /* Supporting Files */ = {
			isa = PBXGroup;
			children = (
				09E809ED193BEB0700D62ED1 /* RussianMuseum-Info.plist */,
				09E809EE193BEB0700D62ED1 /* InfoPlist.strings */,
				09E809F1193BEB0700D62ED1 /* main.m */,
				09E809F3193BEB0800D62ED1 /* RussianMuseum-Prefix.pch */,
			);
			name = "Supporting Files";
			sourceTree = "<group>";
		};
		09E80A0A193BEB0800D62ED1 /* rusmuz2Tests */ = {
			isa = PBXGroup;
			children = (
				09E80A10193BEB0800D62ED1 /* rusmuz2Tests.m */,
				09E80A0B193BEB0800D62ED1 /* Supporting Files */,
			);
			path = rusmuz2Tests;
			sourceTree = "<group>";
		};
		09E80A0B193BEB0800D62ED1 /* Supporting Files */ = {
			isa = PBXGroup;
			children = (
				09E80A0C193BEB0800D62ED1 /* RussianMuseumTests-Info.plist */,
				09E80A0D193BEB0800D62ED1 /* InfoPlist.strings */,
			);
			name = "Supporting Files";
			sourceTree = "<group>";
		};
		09E80A60193BEDF500D62ED1 /* Resource */ = {
			isa = PBXGroup;
			children = (
				79B5D093194CD5570075345E /* testNumbers.plist */,
				79B5D097194CD7080075345E /* testCoord.plist */,
				09E80A61193BEDF500D62ED1 /* states_coord.plist */,
				09E80A62193BEDF500D62ED1 /* states_name.plist */,
				09E80A63193BEDF500D62ED1 /* US_States.gif */,
			);
			path = Resource;
			sourceTree = "<group>";
		};
		09E80A67193BEE0100D62ED1 /* MTImageMapView */ = {
			isa = PBXGroup;
			children = (
				09E80A68193BEE0100D62ED1 /* MTImageMapView.h */,
				09E80A69193BEE0100D62ED1 /* MTImageMapView.m */,
			);
			path = MTImageMapView;
			sourceTree = "<group>";
		};
		09E80A6B193BF15500D62ED1 /* FloorMaps */ = {
			isa = PBXGroup;
			children = (
				7923D9C2194E6BB6008C3013 /* floor1.png */,
				7923D9C3194E6BB6008C3013 /* floor2.png */,
				09E80A6C193BF15500D62ED1 /* floor1.gif */,
				09E80A6D193BF15500D62ED1 /* floor2.gif */,
			);
			path = FloorMaps;
			sourceTree = "<group>";
		};
		791A1C521A04787500607EA6 /* ExhibitViewController */ = {
			isa = PBXGroup;
			children = (
				797DC06B19F3145B00EA0C03 /* ExhibitTappedDelegate.h */,
				09E80A21193BEC5400D62ED1 /* ExhibitViewController.h */,
				09E80A22193BEC5400D62ED1 /* ExhibitViewController.m */,
				797DC06C19F3375C00EA0C03 /* PreviewScrollView.h */,
				797DC06D19F3375C00EA0C03 /* PreviewScrollView.m */,
				79EA5C9A19B20FC00076E011 /* ExhibitPreview.h */,
				79EA5C9B19B20FC00076E011 /* ExhibitPreview.m */,
				797BD01D19E9A31200A58B9D /* BlockScrollView.h */,
				797BD01E19E9A31200A58B9D /* BlockScrollView.m */,
				79EA5C9D19B2C59D0076E011 /* BlockView.h */,
				79EA5C9E19B2C59D0076E011 /* BlockView.m */,
				799A06C31982E4C700C83526 /* PictureScrollView.h */,
				799A06C41982E4C700C83526 /* PictureScrollView.m */,
				7951B4DE19BB4F6A00F86AB4 /* ExhibitImageView.h */,
				7951B4DF19BB4F6A00F86AB4 /* ExhibitImageView.m */,
			);
			name = ExhibitViewController;
			sourceTree = "<group>";
		};
		791F84D519D8EE040061BAB8 /* QRCodeFrame */ = {
			isa = PBXGroup;
			children = (
				791F84D619D8EE040061BAB8 /* qrLB.png */,
				791F84D719D8EE040061BAB8 /* qrLT.png */,
				791F84D819D8EE040061BAB8 /* qrRB.png */,
				791F84D919D8EE040061BAB8 /* qrUR.png */,
			);
			path = QRCodeFrame;
			sourceTree = "<group>";
		};
		793CDB15196099B900E97CCB /* ios-queryable */ = {
			isa = PBXGroup;
			children = (
				793CDB16196099B900E97CCB /* ios-queryable-Prefix.pch */,
				793CDB17196099B900E97CCB /* NSManagedObjectContext+Queryable.h */,
				793CDB18196099B900E97CCB /* NSManagedObjectContext+Queryable.m */,
			);
			path = "ios-queryable";
			sourceTree = "<group>";
		};
		793CDB201960C2FB00E97CCB /* CoreDataClasses */ = {
			isa = PBXGroup;
			children = (
				7946DF0E19A4CB2300F971EB /* Exhibit.h */,
				7946DF0F19A4CB2300F971EB /* Exhibit.m */,
				7946DF0B19A4CB2300F971EB /* Event.h */,
				7946DF0C19A4CB2300F971EB /* Event.m */,
				7946DF0819A4CB2200F971EB /* Room.h */,
				7946DF0919A4CB2200F971EB /* Room.m */,
			);
			name = CoreDataClasses;
			sourceTree = "<group>";
		};
		798FFBB819570600004B94A6 /* InfoPage */ = {
			isa = PBXGroup;
			children = (
				798FFBBF1957063A004B94A6 /* page1.png */,
				798FFBC01957063A004B94A6 /* page2.png */,
				798FFBC11957063A004B94A6 /* page3.png */,
				798FFBC21957063A004B94A6 /* page4.png */,
				798FFBBC19570626004B94A6 /* PageContentViewController.h */,
				798FFBBD19570626004B94A6 /* PageContentViewController.m */,
				798FFBB919570619004B94A6 /* InfoViewController.h */,
				798FFBBA19570619004B94A6 /* InfoViewController.m */,
			);
			name = InfoPage;
			sourceTree = "<group>";
		};
		799A06C6198314F000C83526 /* DesignElements */ = {
			isa = PBXGroup;
			children = (
				791F84D519D8EE040061BAB8 /* QRCodeFrame */,
				79DC2C4219B0DAB000936425 /* mainLogo@2x.png */,
				79EF8D5E19AD7FBE00BFB4DC /* floorSelectorImage.png */,
				795852BC19E70CA70000BF0D /* sponsorButton@2x.png */,
				795852C119E71EBD0000BF0D /* sponsorScreen.png */,
				79495A47199A5E0300F5F354 /* largePhoto@2x.jpg */,
				79495A45199A525D00F5F354 /* testPicture@2x.png */,
				798F524419944FE100FE021D /* floor1Button@2x.png */,
				798F524519944FE100FE021D /* floor2Button@2x.png */,
				7946DF1119A551B600F971EB /* mapButton@2x.png */,
				7946DF1219A551B600F971EB /* QRButton@2x.png */,
				79395AE3198FCF850026F137 /* homeButton@2x.png */,
				7998082E198EFE7D00580214 /* rmButton@2x.png */,
				79980828198E944100580214 /* pic1@2x.png */,
				79980829198E944100580214 /* pic2@2x.png */,
				7998082A198E944100580214 /* pic3@2x.png */,
				794A6FC419882FF6008A4A30 /* block@2x.png */,
				794A6FC6198833BE008A4A30 /* picture@2x.png */,
			);
			path = DesignElements;
			sourceTree = "<group>";
		};
		79E804BD194A918D00B2713C /* ZBarSDK */ = {
			isa = PBXGroup;
			children = (
				79E804BE194A918D00B2713C /* Headers */,
				79E804D5194A918D00B2713C /* libzbar.a */,
				79E804D6194A918D00B2713C /* Resources */,
			);
			path = ZBarSDK;
			sourceTree = "<group>";
		};
		79E804BE194A918D00B2713C /* Headers */ = {
			isa = PBXGroup;
			children = (
				79E804BF194A918D00B2713C /* ZBarSDK */,
			);
			path = Headers;
			sourceTree = "<group>";
		};
		79E804BF194A918D00B2713C /* ZBarSDK */ = {
			isa = PBXGroup;
			children = (
				79E804C0194A918D00B2713C /* zbar */,
				79E804CA194A918D00B2713C /* zbar.h */,
				79E804CB194A918D00B2713C /* ZBarCameraSimulator.h */,
				79E804CC194A918D00B2713C /* ZBarCaptureReader.h */,
				79E804CD194A918D00B2713C /* ZBarHelpController.h */,
				79E804CE194A918D00B2713C /* ZBarImage.h */,
				79E804CF194A918D00B2713C /* ZBarImageScanner.h */,
				79E804D0194A918D00B2713C /* ZBarReaderController.h */,
				79E804D1194A918D00B2713C /* ZBarReaderView.h */,
				79E804D2194A918D00B2713C /* ZBarReaderViewController.h */,
				79E804D3194A918D00B2713C /* ZBarSDK.h */,
				79E804D4194A918D00B2713C /* ZBarSymbol.h */,
			);
			path = ZBarSDK;
			sourceTree = "<group>";
		};
		79E804C0194A918D00B2713C /* zbar */ = {
			isa = PBXGroup;
			children = (
				79E804C1194A918D00B2713C /* Decoder.h */,
				79E804C2194A918D00B2713C /* Exception.h */,
				79E804C3194A918D00B2713C /* Image.h */,
				79E804C4194A918D00B2713C /* ImageScanner.h */,
				79E804C5194A918D00B2713C /* Processor.h */,
				79E804C6194A918D00B2713C /* Scanner.h */,
				79E804C7194A918D00B2713C /* Symbol.h */,
				79E804C8194A918D00B2713C /* Video.h */,
				79E804C9194A918D00B2713C /* Window.h */,
			);
			path = zbar;
			sourceTree = "<group>";
		};
		79E804D6194A918D00B2713C /* Resources */ = {
			isa = PBXGroup;
			children = (
				79E804D7194A918D00B2713C /* zbar-back.png */,
				79E804D8194A918D00B2713C /* zbar-help.html */,
				79E804D9194A918D00B2713C /* zbar-helpicons.png */,
				79E804DA194A918D00B2713C /* zbar-samples.png */,
			);
			path = Resources;
			sourceTree = "<group>";
		};
/* End PBXGroup section */

/* Begin PBXNativeTarget section */
		09E809E1193BEB0700D62ED1 /* RussianMuseum */ = {
			isa = PBXNativeTarget;
			buildConfigurationList = 09E80A14193BEB0800D62ED1 /* Build configuration list for PBXNativeTarget "RussianMuseum" */;
			buildPhases = (
				821CAE32CF0C4F61B60A5867 /* Check Pods Manifest.lock */,
				09E809DE193BEB0700D62ED1 /* Sources */,
				09E809DF193BEB0700D62ED1 /* Frameworks */,
				09E809E0193BEB0700D62ED1 /* Resources */,
				D7137F15EB324EE6ACC17853 /* Copy Pods Resources */,
			);
			buildRules = (
			);
			dependencies = (
			);
			name = RussianMuseum;
			productName = rusmuz2;
			productReference = 09E809E2193BEB0700D62ED1 /* RussianMuseum.app */;
			productType = "com.apple.product-type.application";
		};
		09E80A02193BEB0800D62ED1 /* RussianMuseumTests */ = {
			isa = PBXNativeTarget;
			buildConfigurationList = 09E80A17193BEB0800D62ED1 /* Build configuration list for PBXNativeTarget "RussianMuseumTests" */;
			buildPhases = (
				09E809FF193BEB0800D62ED1 /* Sources */,
				09E80A00193BEB0800D62ED1 /* Frameworks */,
				09E80A01193BEB0800D62ED1 /* Resources */,
			);
			buildRules = (
			);
			dependencies = (
				09E80A09193BEB0800D62ED1 /* PBXTargetDependency */,
			);
			name = RussianMuseumTests;
			productName = rusmuz2Tests;
			productReference = 09E80A03193BEB0800D62ED1 /* RussianMuseumTests.xctest */;
			productType = "com.apple.product-type.bundle.unit-test";
		};
/* End PBXNativeTarget section */

/* Begin PBXProject section */
		09E809DA193BEB0700D62ED1 /* Project object */ = {
			isa = PBXProject;
			attributes = {
				LastUpgradeCheck = 0510;
				ORGANIZATIONNAME = "Richard Topchiy";
				TargetAttributes = {
					09E809E1193BEB0700D62ED1 = {
						DevelopmentTeam = FM33Y8RWW7;
					};
					09E80A02193BEB0800D62ED1 = {
						TestTargetID = 09E809E1193BEB0700D62ED1;
					};
				};
			};
			buildConfigurationList = 09E809DD193BEB0700D62ED1 /* Build configuration list for PBXProject "RussianMuseum" */;
			compatibilityVersion = "Xcode 3.2";
			developmentRegion = English;
			hasScannedForEncodings = 0;
			knownRegions = (
				en,
				Base,
			);
			mainGroup = 09E809D9193BEB0700D62ED1;
			productRefGroup = 09E809E3193BEB0700D62ED1 /* Products */;
			projectDirPath = "";
			projectRoot = "";
			targets = (
				09E809E1193BEB0700D62ED1 /* RussianMuseum */,
				09E80A02193BEB0800D62ED1 /* RussianMuseumTests */,
			);
		};
/* End PBXProject section */

/* Begin PBXResourcesBuildPhase section */
		09E809E0193BEB0700D62ED1 /* Resources */ = {
			isa = PBXResourcesBuildPhase;
			buildActionMask = 2147483647;
			files = (
				79495A46199A525D00F5F354 /* testPicture@2x.png in Resources */,
				798F524719944FE100FE021D /* floor2Button@2x.png in Resources */,
				795852C219E71EBD0000BF0D /* sponsorScreen.png in Resources */,
				795852BD19E70CA70000BF0D /* sponsorButton@2x.png in Resources */,
				09E80A66193BEDF500D62ED1 /* US_States.gif in Resources */,
				7923D9C5194E6BB6008C3013 /* floor2.png in Resources */,
				791F84DA19D8EE040061BAB8 /* qrLB.png in Resources */,
				791F84DC19D8EE040061BAB8 /* qrRB.png in Resources */,
				79E804DC194A918D00B2713C /* zbar-back.png in Resources */,
				79E804DE194A918D00B2713C /* zbar-helpicons.png in Resources */,
				79DC2C4319B0DAB000936425 /* mainLogo@2x.png in Resources */,
				7923D9C4194E6BB6008C3013 /* floor1.png in Resources */,
				798FFBC61957063A004B94A6 /* page4.png in Resources */,
				798FFBC41957063A004B94A6 /* page2.png in Resources */,
				09E80A2A193BEC5400D62ED1 /* Main.storyboard in Resources */,
				791F84DB19D8EE040061BAB8 /* qrLT.png in Resources */,
				09E80A65193BEDF500D62ED1 /* states_name.plist in Resources */,
				09E80A6E193BF15500D62ED1 /* floor1.gif in Resources */,
				09E809FE193BEB0800D62ED1 /* Images.xcassets in Resources */,
				794A6FC7198833BE008A4A30 /* picture@2x.png in Resources */,
				79495A48199A5E0400F5F354 /* largePhoto@2x.jpg in Resources */,
				79B184811972004C002A95C2 /* testButton.png in Resources */,
				7998082B198E944100580214 /* pic1@2x.png in Resources */,
				791F84DD19D8EE040061BAB8 /* qrUR.png in Resources */,
				7946DF1319A551B600F971EB /* mapButton@2x.png in Resources */,
				798F524619944FE100FE021D /* floor1Button@2x.png in Resources */,
				7946DF1419A551B600F971EB /* QRButton@2x.png in Resources */,
				79E804DD194A918D00B2713C /* zbar-help.html in Resources */,
				79B5D098194CD7080075345E /* testCoord.plist in Resources */,
				798FFBC31957063A004B94A6 /* page1.png in Resources */,
				798FFBC51957063A004B94A6 /* page3.png in Resources */,
				79B5D094194CD5570075345E /* testNumbers.plist in Resources */,
				7998082D198E944100580214 /* pic3@2x.png in Resources */,
				79E804DF194A918D00B2713C /* zbar-samples.png in Resources */,
				79EF8D5F19AD7FBE00BFB4DC /* floorSelectorImage.png in Resources */,
				794A6FC519882FF6008A4A30 /* block@2x.png in Resources */,
				09E80A64193BEDF500D62ED1 /* states_coord.plist in Resources */,
				7998082C198E944100580214 /* pic2@2x.png in Resources */,
				7998082F198EFE7D00580214 /* rmButton@2x.png in Resources */,
				79395AE6198FCF850026F137 /* homeButton@2x.png in Resources */,
				09E80A6F193BF15500D62ED1 /* floor2.gif in Resources */,
				09E809F0193BEB0700D62ED1 /* InfoPlist.strings in Resources */,
			);
			runOnlyForDeploymentPostprocessing = 0;
		};
		09E80A01193BEB0800D62ED1 /* Resources */ = {
			isa = PBXResourcesBuildPhase;
			buildActionMask = 2147483647;
			files = (
				09E80A0F193BEB0800D62ED1 /* InfoPlist.strings in Resources */,
			);
			runOnlyForDeploymentPostprocessing = 0;
		};
/* End PBXResourcesBuildPhase section */

/* Begin PBXShellScriptBuildPhase section */
		821CAE32CF0C4F61B60A5867 /* Check Pods Manifest.lock */ = {
			isa = PBXShellScriptBuildPhase;
			buildActionMask = 2147483647;
			files = (
			);
			inputPaths = (
			);
			name = "Check Pods Manifest.lock";
			outputPaths = (
			);
			runOnlyForDeploymentPostprocessing = 0;
			shellPath = /bin/sh;
			shellScript = "diff \"${PODS_ROOT}/../Podfile.lock\" \"${PODS_ROOT}/Manifest.lock\" > /dev/null\nif [[ $? != 0 ]] ; then\n    cat << EOM\nerror: The sandbox is not in sync with the Podfile.lock. Run 'pod install' or update your CocoaPods installation.\nEOM\n    exit 1\nfi\n";
			showEnvVarsInLog = 0;
		};
		D7137F15EB324EE6ACC17853 /* Copy Pods Resources */ = {
			isa = PBXShellScriptBuildPhase;
			buildActionMask = 2147483647;
			files = (
			);
			inputPaths = (
			);
			name = "Copy Pods Resources";
			outputPaths = (
			);
			runOnlyForDeploymentPostprocessing = 0;
			shellPath = /bin/sh;
			shellScript = "\"${SRCROOT}/Pods/Pods-RussianMuseum-resources.sh\"\n";
			showEnvVarsInLog = 0;
		};
/* End PBXShellScriptBuildPhase section */

/* Begin PBXSourcesBuildPhase section */
		09E809DE193BEB0700D62ED1 /* Sources */ = {
			isa = PBXSourcesBuildPhase;
			buildActionMask = 2147483647;
			files = (
				7946DF0A19A4CB2200F971EB /* Room.m in Sources */,
				793CDB23196236E600E97CCB /* CDCreatorViewController.m in Sources */,
				09E80A2E193BEC5400D62ED1 /* ViewController.m in Sources */,
				796C145A19656EA60046916C /* MiniMapViewController.m in Sources */,
				799A06C51982E4C700C83526 /* PictureScrollView.m in Sources */,
				79EA5C9C19B20FC00076E011 /* ExhibitPreview.m in Sources */,
				797DC06E19F3375C00EA0C03 /* PreviewScrollView.m in Sources */,
				09E80A6A193BEE0100D62ED1 /* MTImageMapView.m in Sources */,
				799EA29619735E7B00D8F1DE /* ZoomSegue.m in Sources */,
				7951B4E019BB4F6A00F86AB4 /* ExhibitImageView.m in Sources */,
				798FFBBE19570626004B94A6 /* PageContentViewController.m in Sources */,
				79495A4B199A8B8C00F5F354 /* QRViewController.m in Sources */,
				7946DF0D19A4CB2300F971EB /* Event.m in Sources */,
				79CB3E5919AD8C5A00F9F062 /* FloorSelectorViewController.m in Sources */,
				79D3102C196EFFEE00D7389D /* MockupExhibitViewController.m in Sources */,
				79C0114C195CF74500BF6784 /* Model.xcdatamodeld in Sources */,
				79C01144195CF4F100BF6784 /* MasterViewController.m in Sources */,
				09E80A2C193BEC5400D62ED1 /* InteractiveMapViewController.m in Sources */,
				09E80A29193BEC5400D62ED1 /* AppDelegate.m in Sources */,
				09E80A2D193BEC5400D62ED1 /* ExhibitViewController.m in Sources */,
				79C01145195CF4F100BF6784 /* DetailViewController.m in Sources */,
				7946DF1019A4CB2300F971EB /* Exhibit.m in Sources */,
				797BD01F19E9A31200A58B9D /* BlockScrollView.m in Sources */,
				79980832198F0DB800580214 /* NavigationButton.m in Sources */,
				793CDB19196099B900E97CCB /* NSManagedObjectContext+Queryable.m in Sources */,
				84848CF4199BD7F400CFD4FD /* StartViewController.m in Sources */,
				798FFBBB19570619004B94A6 /* InfoViewController.m in Sources */,
				795852C019E71BBB0000BF0D /* SponsorViewController.m in Sources */,
				79EA5C9F19B2C59D0076E011 /* BlockView.m in Sources */,
				09E809F2193BEB0700D62ED1 /* main.m in Sources */,
			);
			runOnlyForDeploymentPostprocessing = 0;
		};
		09E809FF193BEB0800D62ED1 /* Sources */ = {
			isa = PBXSourcesBuildPhase;
			buildActionMask = 2147483647;
			files = (
				09E80A11193BEB0800D62ED1 /* rusmuz2Tests.m in Sources */,
			);
			runOnlyForDeploymentPostprocessing = 0;
		};
/* End PBXSourcesBuildPhase section */

/* Begin PBXTargetDependency section */
		09E80A09193BEB0800D62ED1 /* PBXTargetDependency */ = {
			isa = PBXTargetDependency;
			target = 09E809E1193BEB0700D62ED1 /* RussianMuseum */;
			targetProxy = 09E80A08193BEB0800D62ED1 /* PBXContainerItemProxy */;
		};
/* End PBXTargetDependency section */

/* Begin PBXVariantGroup section */
		09E809EE193BEB0700D62ED1 /* InfoPlist.strings */ = {
			isa = PBXVariantGroup;
			children = (
				09E809EF193BEB0700D62ED1 /* en */,
			);
			name = InfoPlist.strings;
			sourceTree = "<group>";
		};
		09E80A0D193BEB0800D62ED1 /* InfoPlist.strings */ = {
			isa = PBXVariantGroup;
			children = (
				09E80A0E193BEB0800D62ED1 /* en */,
			);
			name = InfoPlist.strings;
			sourceTree = "<group>";
		};
/* End PBXVariantGroup section */

/* Begin XCBuildConfiguration section */
		09E80A12193BEB0800D62ED1 /* Debug */ = {
			isa = XCBuildConfiguration;
			buildSettings = {
				ALWAYS_SEARCH_USER_PATHS = NO;
				CLANG_CXX_LANGUAGE_STANDARD = "gnu++0x";
				CLANG_CXX_LIBRARY = "libc++";
				CLANG_ENABLE_MODULES = YES;
				CLANG_ENABLE_OBJC_ARC = YES;
				CLANG_WARN_BOOL_CONVERSION = YES;
				CLANG_WARN_CONSTANT_CONVERSION = YES;
				CLANG_WARN_DIRECT_OBJC_ISA_USAGE = YES_ERROR;
				CLANG_WARN_EMPTY_BODY = YES;
				CLANG_WARN_ENUM_CONVERSION = YES;
				CLANG_WARN_INT_CONVERSION = YES;
				CLANG_WARN_OBJC_ROOT_CLASS = YES_ERROR;
				CLANG_WARN__DUPLICATE_METHOD_MATCH = YES;
				"CODE_SIGN_IDENTITY[sdk=iphoneos*]" = "iPhone Developer";
				COPY_PHASE_STRIP = NO;
				GCC_C_LANGUAGE_STANDARD = gnu99;
				GCC_DYNAMIC_NO_PIC = NO;
				GCC_OPTIMIZATION_LEVEL = 0;
				GCC_PREPROCESSOR_DEFINITIONS = (
					"DEBUG=1",
					"$(inherited)",
				);
				GCC_SYMBOLS_PRIVATE_EXTERN = NO;
				GCC_WARN_64_TO_32_BIT_CONVERSION = YES;
				GCC_WARN_ABOUT_RETURN_TYPE = YES_ERROR;
				GCC_WARN_UNDECLARED_SELECTOR = YES;
				GCC_WARN_UNINITIALIZED_AUTOS = YES_AGGRESSIVE;
				GCC_WARN_UNUSED_FUNCTION = YES;
				GCC_WARN_UNUSED_VARIABLE = YES;
				IPHONEOS_DEPLOYMENT_TARGET = 7.1;
				ONLY_ACTIVE_ARCH = YES;
				SDKROOT = iphoneos;
			};
			name = Debug;
		};
		09E80A13193BEB0800D62ED1 /* Release */ = {
			isa = XCBuildConfiguration;
			buildSettings = {
				ALWAYS_SEARCH_USER_PATHS = NO;
				CLANG_CXX_LANGUAGE_STANDARD = "gnu++0x";
				CLANG_CXX_LIBRARY = "libc++";
				CLANG_ENABLE_MODULES = YES;
				CLANG_ENABLE_OBJC_ARC = YES;
				CLANG_WARN_BOOL_CONVERSION = YES;
				CLANG_WARN_CONSTANT_CONVERSION = YES;
				CLANG_WARN_DIRECT_OBJC_ISA_USAGE = YES_ERROR;
				CLANG_WARN_EMPTY_BODY = YES;
				CLANG_WARN_ENUM_CONVERSION = YES;
				CLANG_WARN_INT_CONVERSION = YES;
				CLANG_WARN_OBJC_ROOT_CLASS = YES_ERROR;
				CLANG_WARN__DUPLICATE_METHOD_MATCH = YES;
				"CODE_SIGN_IDENTITY[sdk=iphoneos*]" = "iPhone Developer";
				COPY_PHASE_STRIP = YES;
				ENABLE_NS_ASSERTIONS = NO;
				GCC_C_LANGUAGE_STANDARD = gnu99;
				GCC_WARN_64_TO_32_BIT_CONVERSION = YES;
				GCC_WARN_ABOUT_RETURN_TYPE = YES_ERROR;
				GCC_WARN_UNDECLARED_SELECTOR = YES;
				GCC_WARN_UNINITIALIZED_AUTOS = YES_AGGRESSIVE;
				GCC_WARN_UNUSED_FUNCTION = YES;
				GCC_WARN_UNUSED_VARIABLE = YES;
				IPHONEOS_DEPLOYMENT_TARGET = 7.1;
				SDKROOT = iphoneos;
				VALIDATE_PRODUCT = YES;
			};
			name = Release;
		};
		09E80A15193BEB0800D62ED1 /* Debug */ = {
			isa = XCBuildConfiguration;
			baseConfigurationReference = A0A3BBF7512243EF91533307 /* Pods-RussianMuseum.xcconfig */;
			buildSettings = {
				ASSETCATALOG_COMPILER_APPICON_NAME = AppIcon;
				ASSETCATALOG_COMPILER_LAUNCHIMAGE_NAME = LaunchImage;
				CODE_SIGN_IDENTITY = "Richard Topchiy";
				FRAMEWORK_SEARCH_PATHS = (
					"$(inherited)",
					"$(PROJECT_DIR)",
				);
				GCC_PRECOMPILE_PREFIX_HEADER = YES;
				GCC_PREFIX_HEADER = "rusmuz2/RussianMuseum-Prefix.pch";
				INFOPLIST_FILE = "rusmuz2/RussianMuseum-Info.plist";
				IPHONEOS_DEPLOYMENT_TARGET = 6.0;
				LIBRARY_SEARCH_PATHS = (
					"$(inherited)",
					"$(PROJECT_DIR)/rusmuz2/ZBarSDK",
				);
				OTHER_LDFLAGS = "";
				PRODUCT_NAME = RussianMuseum;
				PROVISIONING_PROFILE = "";
				WRAPPER_EXTENSION = app;
			};
			name = Debug;
		};
		09E80A16193BEB0800D62ED1 /* Release */ = {
			isa = XCBuildConfiguration;
			baseConfigurationReference = A0A3BBF7512243EF91533307 /* Pods-RussianMuseum.xcconfig */;
			buildSettings = {
				ASSETCATALOG_COMPILER_APPICON_NAME = AppIcon;
				ASSETCATALOG_COMPILER_LAUNCHIMAGE_NAME = LaunchImage;
				CODE_SIGN_IDENTITY = "Richard Topchiy";
				FRAMEWORK_SEARCH_PATHS = (
					"$(inherited)",
					"$(PROJECT_DIR)",
				);
				GCC_PRECOMPILE_PREFIX_HEADER = YES;
				GCC_PREFIX_HEADER = "rusmuz2/RussianMuseum-Prefix.pch";
				INFOPLIST_FILE = "rusmuz2/RussianMuseum-Info.plist";
				IPHONEOS_DEPLOYMENT_TARGET = 6.0;
				LIBRARY_SEARCH_PATHS = (
					"$(inherited)",
					"$(PROJECT_DIR)/rusmuz2/ZBarSDK",
				);
				OTHER_LDFLAGS = "";
				PRODUCT_NAME = RussianMuseum;
				PROVISIONING_PROFILE = "";
				WRAPPER_EXTENSION = app;
			};
			name = Release;
		};
		09E80A18193BEB0800D62ED1 /* Debug */ = {
			isa = XCBuildConfiguration;
			buildSettings = {
				BUNDLE_LOADER = "$(BUILT_PRODUCTS_DIR)/rusmuz2.app/rusmuz2";
				FRAMEWORK_SEARCH_PATHS = (
					"$(SDKROOT)/Developer/Library/Frameworks",
					"$(inherited)",
					"$(DEVELOPER_FRAMEWORKS_DIR)",
				);
				GCC_PRECOMPILE_PREFIX_HEADER = YES;
				GCC_PREFIX_HEADER = "rusmuz2/rusmuz2-Prefix.pch";
				GCC_PREPROCESSOR_DEFINITIONS = (
					"DEBUG=1",
					"$(inherited)",
				);
				INFOPLIST_FILE = "rusmuz2Tests/RussianMuseumTests-Info.plist";
				PRODUCT_NAME = RussianMuseumTests;
				TEST_HOST = "$(BUNDLE_LOADER)";
				WRAPPER_EXTENSION = xctest;
			};
			name = Debug;
		};
		09E80A19193BEB0800D62ED1 /* Release */ = {
			isa = XCBuildConfiguration;
			buildSettings = {
				BUNDLE_LOADER = "$(BUILT_PRODUCTS_DIR)/rusmuz2.app/rusmuz2";
				FRAMEWORK_SEARCH_PATHS = (
					"$(SDKROOT)/Developer/Library/Frameworks",
					"$(inherited)",
					"$(DEVELOPER_FRAMEWORKS_DIR)",
				);
				GCC_PRECOMPILE_PREFIX_HEADER = YES;
				GCC_PREFIX_HEADER = "rusmuz2/rusmuz2-Prefix.pch";
				INFOPLIST_FILE = "rusmuz2Tests/RussianMuseumTests-Info.plist";
				PRODUCT_NAME = RussianMuseumTests;
				TEST_HOST = "$(BUNDLE_LOADER)";
				WRAPPER_EXTENSION = xctest;
			};
			name = Release;
		};
/* End XCBuildConfiguration section */

/* Begin XCConfigurationList section */
		09E809DD193BEB0700D62ED1 /* Build configuration list for PBXProject "RussianMuseum" */ = {
			isa = XCConfigurationList;
			buildConfigurations = (
				09E80A12193BEB0800D62ED1 /* Debug */,
				09E80A13193BEB0800D62ED1 /* Release */,
			);
			defaultConfigurationIsVisible = 0;
			defaultConfigurationName = Release;
		};
		09E80A14193BEB0800D62ED1 /* Build configuration list for PBXNativeTarget "RussianMuseum" */ = {
			isa = XCConfigurationList;
			buildConfigurations = (
				09E80A15193BEB0800D62ED1 /* Debug */,
				09E80A16193BEB0800D62ED1 /* Release */,
			);
			defaultConfigurationIsVisible = 0;
			defaultConfigurationName = Release;
		};
		09E80A17193BEB0800D62ED1 /* Build configuration list for PBXNativeTarget "RussianMuseumTests" */ = {
			isa = XCConfigurationList;
			buildConfigurations = (
				09E80A18193BEB0800D62ED1 /* Debug */,
				09E80A19193BEB0800D62ED1 /* Release */,
			);
			defaultConfigurationIsVisible = 0;
			defaultConfigurationName = Release;
		};
/* End XCConfigurationList section */

/* Begin XCVersionGroup section */
		79C0114A195CF74500BF6784 /* Model.xcdatamodeld */ = {
			isa = XCVersionGroup;
			children = (
				79C0114B195CF74500BF6784 /* Model.xcdatamodel */,
			);
			currentVersion = 79C0114B195CF74500BF6784 /* Model.xcdatamodel */;
			name = Model.xcdatamodeld;
			path = ../Model.xcdatamodeld;
			sourceTree = "<group>";
			versionGroupType = wrapper.xcdatamodel;
		};
/* End XCVersionGroup section */
	};
	rootObject = 09E809DA193BEB0700D62ED1 /* Project object */;
}
